// !$*UTF8*$!
{
	archiveVersion = 1;
	classes = {
	};
	objectVersion = 50;
	objects = {

/* Begin PBXBuildFile section */
		381C125A2078C5EB006B66B6 /* CliRunnable.framework in Frameworks */ = {isa = PBXBuildFile; fileRef = 38EAF7C4206B7AAA00F6192F /* CliRunnable.framework */; };
		381C125C2078C5EB006B66B6 /* DockerProcess.framework in Frameworks */ = {isa = PBXBuildFile; fileRef = 38EAF7CA206B7AAA00F6192F /* DockerProcess.framework */; };
		381C125E2078C5EB006B66B6 /* ProcessRunner.framework in Frameworks */ = {isa = PBXBuildFile; fileRef = 38EAF7CE206B7AAA00F6192F /* ProcessRunner.framework */; };
		381C125F2078C5EB006B66B6 /* S3Kit.framework in Frameworks */ = {isa = PBXBuildFile; fileRef = 38EAF7D0206B7AAA00F6192F /* S3Kit.framework */; };
		381C12602078C5EB006B66B6 /* XcodeHelperCliKit.framework in Frameworks */ = {isa = PBXBuildFile; fileRef = 38EAF7D2206B7AAA00F6192F /* XcodeHelperCliKit.framework */; };
		381C12612078C5EB006B66B6 /* XcodeHelperKit.framework in Frameworks */ = {isa = PBXBuildFile; fileRef = 38EAF7D4206B7AAA00F6192F /* XcodeHelperKit.framework */; };
		381C12632078C5EB006B66B6 /* Yaml.framework in Frameworks */ = {isa = PBXBuildFile; fileRef = 38EAF7D6206B7AAA00F6192F /* Yaml.framework */; };
		381E29F71E544DDB00557BB1 /* XCTargetTests.swift in Sources */ = {isa = PBXBuildFile; fileRef = 381E29F61E544DDB00557BB1 /* XCTargetTests.swift */; };
		381EF0E71E73092B008A3717 /* TargetSettingsViewController.swift in Sources */ = {isa = PBXBuildFile; fileRef = 381EF0E61E73092B008A3717 /* TargetSettingsViewController.swift */; };
		3836A7661E3B302B0098CE9A /* XCWorkspaceTests.swift in Sources */ = {isa = PBXBuildFile; fileRef = 3836A7651E3B302B0098CE9A /* XCWorkspaceTests.swift */; };
		384E51A81DC6B36700FAC6C1 /* AppDelegate.swift in Sources */ = {isa = PBXBuildFile; fileRef = 384E51A71DC6B36700FAC6C1 /* AppDelegate.swift */; };
		384E51AC1DC6B36700FAC6C1 /* Assets.xcassets in Resources */ = {isa = PBXBuildFile; fileRef = 384E51AB1DC6B36700FAC6C1 /* Assets.xcassets */; };
		384E51BA1DC6B36700FAC6C1 /* XcodeHelperTestCase.swift in Sources */ = {isa = PBXBuildFile; fileRef = 384E51B91DC6B36700FAC6C1 /* XcodeHelperTestCase.swift */; };
		384E51CB1DC6B38500FAC6C1 /* Cocoa.framework in Frameworks */ = {isa = PBXBuildFile; fileRef = 384E51CA1DC6B38500FAC6C1 /* Cocoa.framework */; };
		384E51D01DC6B38500FAC6C1 /* SourceEditorExtension.swift in Sources */ = {isa = PBXBuildFile; fileRef = 384E51CF1DC6B38500FAC6C1 /* SourceEditorExtension.swift */; };
		384E51D21DC6B38500FAC6C1 /* SourceEditorCommand.swift in Sources */ = {isa = PBXBuildFile; fileRef = 384E51D11DC6B38500FAC6C1 /* SourceEditorCommand.swift */; };
		384E51D61DC6B38500FAC6C1 /* Xcode Helper.appex in Embed App Extensions */ = {isa = PBXBuildFile; fileRef = 384E51C81DC6B38500FAC6C1 /* Xcode Helper.appex */; settings = {ATTRIBUTES = (RemoveHeadersOnCopy, ); }; };
		384E51DC1DC6B3DA00FAC6C1 /* GetCurrentDocument.scpt in Resources */ = {isa = PBXBuildFile; fileRef = 384E51DB1DC6B3DA00FAC6C1 /* GetCurrentDocument.scpt */; };
		3857C25D1E6C68E100731BE7 /* XcodeTests.swift in Sources */ = {isa = PBXBuildFile; fileRef = 3857C25C1E6C68E100731BE7 /* XcodeTests.swift */; };
		3857C25F1E6C76DE00731BE7 /* XCDocumentableTests.swift in Sources */ = {isa = PBXBuildFile; fileRef = 3857C25E1E6C76DE00731BE7 /* XCDocumentableTests.swift */; };
		387D8D6B20703769006ABD14 /* NSView+Extensions.swift in Sources */ = {isa = PBXBuildFile; fileRef = 387D8D6220703769006ABD14 /* NSView+Extensions.swift */; };
		387D8D6C20703769006ABD14 /* CollectionExtension.swift in Sources */ = {isa = PBXBuildFile; fileRef = 387D8D6320703769006ABD14 /* CollectionExtension.swift */; };
		387D8D6D20703769006ABD14 /* XCDocumentable.swift in Sources */ = {isa = PBXBuildFile; fileRef = 387D8D6420703769006ABD14 /* XCDocumentable.swift */; };
		387D8D6E20703769006ABD14 /* XCProject.swift in Sources */ = {isa = PBXBuildFile; fileRef = 387D8D6520703769006ABD14 /* XCProject.swift */; };
		387D8D6F20703769006ABD14 /* XCTarget.swift in Sources */ = {isa = PBXBuildFile; fileRef = 387D8D6620703769006ABD14 /* XCTarget.swift */; };
		387D8D7120703769006ABD14 /* Xcode.swift in Sources */ = {isa = PBXBuildFile; fileRef = 387D8D6820703769006ABD14 /* Xcode.swift */; };
		387D8D7220703769006ABD14 /* XCWorkspace.swift in Sources */ = {isa = PBXBuildFile; fileRef = 387D8D6920703769006ABD14 /* XCWorkspace.swift */; };
		387F2D0A2077F9DF00D93881 /* xchelperxpc.xpc in Embed XPC Services */ = {isa = PBXBuildFile; fileRef = 387F2CFF2077F9DF00D93881 /* xchelperxpc.xpc */; settings = {ATTRIBUTES = (RemoveHeadersOnCopy, ); }; };
		387F2D132077FBB800D93881 /* XchelperServiceable.swift in Sources */ = {isa = PBXBuildFile; fileRef = 387F2D102077FBB800D93881 /* XchelperServiceable.swift */; };
		387F2D1920789F0E00D93881 /* XchelperServiceable.swift in Sources */ = {isa = PBXBuildFile; fileRef = 387F2D102077FBB800D93881 /* XchelperServiceable.swift */; };
		387F2D1A20789F1400D93881 /* XchelperServiceable.swift in Sources */ = {isa = PBXBuildFile; fileRef = 387F2D102077FBB800D93881 /* XchelperServiceable.swift */; };
		387F2D1B20789F7B00D93881 /* CommandRunner.swift in Sources */ = {isa = PBXBuildFile; fileRef = 387D8D6120703769006ABD14 /* CommandRunner.swift */; };
		387F2D1C20789F9F00D93881 /* CommandRunner.swift in Sources */ = {isa = PBXBuildFile; fileRef = 387D8D6120703769006ABD14 /* CommandRunner.swift */; };
		387F2D1E2078A02400D93881 /* Xcode.swift in Sources */ = {isa = PBXBuildFile; fileRef = 387D8D6820703769006ABD14 /* Xcode.swift */; };
		387F2D1F2078A02B00D93881 /* XCDocumentable.swift in Sources */ = {isa = PBXBuildFile; fileRef = 387D8D6420703769006ABD14 /* XCDocumentable.swift */; };
		387F2D202078A03100D93881 /* XCProject.swift in Sources */ = {isa = PBXBuildFile; fileRef = 387D8D6520703769006ABD14 /* XCProject.swift */; };
		387F2D212078A03100D93881 /* XCTarget.swift in Sources */ = {isa = PBXBuildFile; fileRef = 387D8D6620703769006ABD14 /* XCTarget.swift */; };
		387F2D222078A03100D93881 /* XCWorkspace.swift in Sources */ = {isa = PBXBuildFile; fileRef = 387D8D6920703769006ABD14 /* XCWorkspace.swift */; };
		387F2D282078B13B00D93881 /* main.swift in Sources */ = {isa = PBXBuildFile; fileRef = 387F2D0E2077FBB800D93881 /* main.swift */; };
		389025EC21DAA122002B678F /* xcodeproj.framework in Frameworks */ = {isa = PBXBuildFile; fileRef = 38EFCE3521D1B2540084DC3D /* xcodeproj.framework */; };
		38958AEF2079D5A100A3830E /* CliRunnable.framework in Frameworks */ = {isa = PBXBuildFile; fileRef = 38EAF7C4206B7AAA00F6192F /* CliRunnable.framework */; };
		38958AF02079D5A100A3830E /* DockerProcess.framework in Frameworks */ = {isa = PBXBuildFile; fileRef = 38EAF7CA206B7AAA00F6192F /* DockerProcess.framework */; };
		38958AF12079D5A100A3830E /* ProcessRunner.framework in Frameworks */ = {isa = PBXBuildFile; fileRef = 38EAF7CE206B7AAA00F6192F /* ProcessRunner.framework */; };
		38958AF22079D5A100A3830E /* S3Kit.framework in Frameworks */ = {isa = PBXBuildFile; fileRef = 38EAF7D0206B7AAA00F6192F /* S3Kit.framework */; };
		38958AF32079D5A100A3830E /* XcodeHelperCliKit.framework in Frameworks */ = {isa = PBXBuildFile; fileRef = 38EAF7D2206B7AAA00F6192F /* XcodeHelperCliKit.framework */; };
		38958AF42079D5A100A3830E /* XcodeHelperKit.framework in Frameworks */ = {isa = PBXBuildFile; fileRef = 38EAF7D4206B7AAA00F6192F /* XcodeHelperKit.framework */; };
		38958AF52079D5A100A3830E /* Yaml.framework in Frameworks */ = {isa = PBXBuildFile; fileRef = 38EAF7D6206B7AAA00F6192F /* Yaml.framework */; };
		3898C9362078C05600A51743 /* xchelperxpc.xpc in CopyFiles */ = {isa = PBXBuildFile; fileRef = 387F2CFF2077F9DF00D93881 /* xchelperxpc.xpc */; settings = {ATTRIBUTES = (RemoveHeadersOnCopy, ); }; };
		38A7D48D1F0D30B900213122 /* ConfigController.swift in Sources */ = {isa = PBXBuildFile; fileRef = 38A7D48C1F0D30B900213122 /* ConfigController.swift */; };
		38C9122F20E68D7B00B92379 /* Main.storyboard in Resources */ = {isa = PBXBuildFile; fileRef = 38C9122D20E68D7B00B92379 /* Main.storyboard */; };
		38D6B3942079D8ED000DCB82 /* ProcessRunner.framework in Resources */ = {isa = PBXBuildFile; fileRef = 38EAF7CE206B7AAA00F6192F /* ProcessRunner.framework */; };
		38D6B3952079D8ED000DCB82 /* S3Kit.framework in Resources */ = {isa = PBXBuildFile; fileRef = 38EAF7D0206B7AAA00F6192F /* S3Kit.framework */; };
		38D6B3962079D8ED000DCB82 /* XcodeHelperCliKit.framework in Resources */ = {isa = PBXBuildFile; fileRef = 38EAF7D2206B7AAA00F6192F /* XcodeHelperCliKit.framework */; };
		38D6B3972079D8ED000DCB82 /* CliRunnable.framework in Resources */ = {isa = PBXBuildFile; fileRef = 38EAF7C4206B7AAA00F6192F /* CliRunnable.framework */; };
		38D6B3982079D8ED000DCB82 /* DockerProcess.framework in Resources */ = {isa = PBXBuildFile; fileRef = 38EAF7CA206B7AAA00F6192F /* DockerProcess.framework */; };
		38D6B3992079D8ED000DCB82 /* Yaml.framework in Resources */ = {isa = PBXBuildFile; fileRef = 38EAF7D6206B7AAA00F6192F /* Yaml.framework */; };
		38D6B39A2079D8ED000DCB82 /* XcodeHelperKit.framework in Resources */ = {isa = PBXBuildFile; fileRef = 38EAF7D4206B7AAA00F6192F /* XcodeHelperKit.framework */; };
		38DFD6C91E2AB8F300C3D931 /* StatusMenuController.swift in Sources */ = {isa = PBXBuildFile; fileRef = 38DFD6C81E2AB8F300C3D931 /* StatusMenuController.swift */; };
		38E7A2AA1E3FA463007EA9A6 /* XCProjectTests.swift in Sources */ = {isa = PBXBuildFile; fileRef = 38E7A2A91E3FA463007EA9A6 /* XCProjectTests.swift */; };
		38E8F7951E471AF400097EEC /* TargetListControllerTests.swift in Sources */ = {isa = PBXBuildFile; fileRef = 38E8F7941E471AF400097EEC /* TargetListControllerTests.swift */; };
		38EAF7F4206B7B5200F6192F /* AEXML.framework in Frameworks */ = {isa = PBXBuildFile; fileRef = 38EAF7C2206B7AAA00F6192F /* AEXML.framework */; };
		38EAF7F5206B7B5200F6192F /* CliRunnable.framework in Frameworks */ = {isa = PBXBuildFile; fileRef = 38EAF7C4206B7AAA00F6192F /* CliRunnable.framework */; };
		38EAF7F7206B7B5200F6192F /* DockerProcess.framework in Frameworks */ = {isa = PBXBuildFile; fileRef = 38EAF7CA206B7AAA00F6192F /* DockerProcess.framework */; };
		38EAF7F8206B7B5200F6192F /* PathKit.framework in Frameworks */ = {isa = PBXBuildFile; fileRef = 38EAF7CC206B7AAA00F6192F /* PathKit.framework */; };
		38EAF7F9206B7B5200F6192F /* ProcessRunner.framework in Frameworks */ = {isa = PBXBuildFile; fileRef = 38EAF7CE206B7AAA00F6192F /* ProcessRunner.framework */; };
		38EAF7FA206B7B5200F6192F /* S3Kit.framework in Frameworks */ = {isa = PBXBuildFile; fileRef = 38EAF7D0206B7AAA00F6192F /* S3Kit.framework */; };
		38EAF7FB206B7B5200F6192F /* XcodeHelperCliKit.framework in Frameworks */ = {isa = PBXBuildFile; fileRef = 38EAF7D2206B7AAA00F6192F /* XcodeHelperCliKit.framework */; };
		38EAF7FC206B7B5200F6192F /* XcodeHelperKit.framework in Frameworks */ = {isa = PBXBuildFile; fileRef = 38EAF7D4206B7AAA00F6192F /* XcodeHelperKit.framework */; };
		38EAF7FE206B7B5200F6192F /* Yaml.framework in Frameworks */ = {isa = PBXBuildFile; fileRef = 38EAF7D6206B7AAA00F6192F /* Yaml.framework */; };
		38EAF800206B7B5D00F6192F /* ProcessRunner.framework in CopyFiles */ = {isa = PBXBuildFile; fileRef = 38EAF7CE206B7AAA00F6192F /* ProcessRunner.framework */; settings = {ATTRIBUTES = (CodeSignOnCopy, RemoveHeadersOnCopy, ); }; };
		38EAF801206B7B5D00F6192F /* Yaml.framework in CopyFiles */ = {isa = PBXBuildFile; fileRef = 38EAF7D6206B7AAA00F6192F /* Yaml.framework */; settings = {ATTRIBUTES = (CodeSignOnCopy, RemoveHeadersOnCopy, ); }; };
		38EAF802206B7B5D00F6192F /* XcodeHelperCliKit.framework in CopyFiles */ = {isa = PBXBuildFile; fileRef = 38EAF7D2206B7AAA00F6192F /* XcodeHelperCliKit.framework */; settings = {ATTRIBUTES = (CodeSignOnCopy, RemoveHeadersOnCopy, ); }; };
		38EAF804206B7B5E00F6192F /* S3Kit.framework in CopyFiles */ = {isa = PBXBuildFile; fileRef = 38EAF7D0206B7AAA00F6192F /* S3Kit.framework */; settings = {ATTRIBUTES = (CodeSignOnCopy, RemoveHeadersOnCopy, ); }; };
		38EAF805206B7B5E00F6192F /* XcodeHelperKit.framework in CopyFiles */ = {isa = PBXBuildFile; fileRef = 38EAF7D4206B7AAA00F6192F /* XcodeHelperKit.framework */; settings = {ATTRIBUTES = (CodeSignOnCopy, RemoveHeadersOnCopy, ); }; };
		38EAF806206B7B5E00F6192F /* AEXML.framework in CopyFiles */ = {isa = PBXBuildFile; fileRef = 38EAF7C2206B7AAA00F6192F /* AEXML.framework */; settings = {ATTRIBUTES = (CodeSignOnCopy, RemoveHeadersOnCopy, ); }; };
		38EAF807206B7B5E00F6192F /* DockerProcess.framework in CopyFiles */ = {isa = PBXBuildFile; fileRef = 38EAF7CA206B7AAA00F6192F /* DockerProcess.framework */; settings = {ATTRIBUTES = (CodeSignOnCopy, RemoveHeadersOnCopy, ); }; };
		38EAF808206B7B5E00F6192F /* PathKit.framework in CopyFiles */ = {isa = PBXBuildFile; fileRef = 38EAF7CC206B7AAA00F6192F /* PathKit.framework */; settings = {ATTRIBUTES = (CodeSignOnCopy, RemoveHeadersOnCopy, ); }; };
		38EAF809206B7B5E00F6192F /* CliRunnable.framework in CopyFiles */ = {isa = PBXBuildFile; fileRef = 38EAF7C4206B7AAA00F6192F /* CliRunnable.framework */; settings = {ATTRIBUTES = (CodeSignOnCopy, RemoveHeadersOnCopy, ); }; };
		ACB3B940207ADD38006F0FB9 /* AEXML.framework in Frameworks */ = {isa = PBXBuildFile; fileRef = 38EAF7C2206B7AAA00F6192F /* AEXML.framework */; };
		ACB3B941207ADD38006F0FB9 /* PathKit.framework in Frameworks */ = {isa = PBXBuildFile; fileRef = 38EAF7CC206B7AAA00F6192F /* PathKit.framework */; };
/* End PBXBuildFile section */

/* Begin PBXContainerItemProxy section */
		384E51B61DC6B36700FAC6C1 /* PBXContainerItemProxy */ = {
			isa = PBXContainerItemProxy;
			containerPortal = 384E519C1DC6B36700FAC6C1 /* Project object */;
			proxyType = 1;
			remoteGlobalIDString = 384E51A31DC6B36700FAC6C1;
			remoteInfo = XcodeHelper;
		};
		384E51D41DC6B38500FAC6C1 /* PBXContainerItemProxy */ = {
			isa = PBXContainerItemProxy;
			containerPortal = 384E519C1DC6B36700FAC6C1 /* Project object */;
			proxyType = 1;
			remoteGlobalIDString = 384E51C71DC6B38500FAC6C1;
			remoteInfo = SourceExtension;
		};
		387F2D082077F9DF00D93881 /* PBXContainerItemProxy */ = {
			isa = PBXContainerItemProxy;
			containerPortal = 384E519C1DC6B36700FAC6C1 /* Project object */;
			proxyType = 1;
			remoteGlobalIDString = 387F2CFE2077F9DF00D93881;
			remoteInfo = xchelperxpc;
		};
		3898C9382078C14F00A51743 /* PBXContainerItemProxy */ = {
			isa = PBXContainerItemProxy;
			containerPortal = 384E519C1DC6B36700FAC6C1 /* Project object */;
			proxyType = 1;
			remoteGlobalIDString = 387F2CFE2077F9DF00D93881;
			remoteInfo = xchelperxpc;
		};
		38EAF7C1206B7AAA00F6192F /* PBXContainerItemProxy */ = {
			isa = PBXContainerItemProxy;
			containerPortal = 38EAF7A6206B7AAA00F6192F /* Dependencies.xcodeproj */;
			proxyType = 2;
			remoteGlobalIDString = "AEXML::AEXML::Product";
			remoteInfo = AEXML;
		};
		38EAF7C3206B7AAA00F6192F /* PBXContainerItemProxy */ = {
			isa = PBXContainerItemProxy;
			containerPortal = 38EAF7A6206B7AAA00F6192F /* Dependencies.xcodeproj */;
			proxyType = 2;
			remoteGlobalIDString = "CliRunnable::CliRunnable::Product";
			remoteInfo = CliRunnable;
		};
		38EAF7C5206B7AAA00F6192F /* PBXContainerItemProxy */ = {
			isa = PBXContainerItemProxy;
			containerPortal = 38EAF7A6206B7AAA00F6192F /* Dependencies.xcodeproj */;
			proxyType = 2;
			remoteGlobalIDString = "Dependencies::Dependencies::Product";
			remoteInfo = Dependencies;
		};
		38EAF7C9206B7AAA00F6192F /* PBXContainerItemProxy */ = {
			isa = PBXContainerItemProxy;
			containerPortal = 38EAF7A6206B7AAA00F6192F /* Dependencies.xcodeproj */;
			proxyType = 2;
			remoteGlobalIDString = "DockerProcess::DockerProcess::Product";
			remoteInfo = DockerProcess;
		};
		38EAF7CB206B7AAA00F6192F /* PBXContainerItemProxy */ = {
			isa = PBXContainerItemProxy;
			containerPortal = 38EAF7A6206B7AAA00F6192F /* Dependencies.xcodeproj */;
			proxyType = 2;
			remoteGlobalIDString = "PathKit::PathKit::Product";
			remoteInfo = PathKit;
		};
		38EAF7CD206B7AAA00F6192F /* PBXContainerItemProxy */ = {
			isa = PBXContainerItemProxy;
			containerPortal = 38EAF7A6206B7AAA00F6192F /* Dependencies.xcodeproj */;
			proxyType = 2;
			remoteGlobalIDString = "ProcessRunner::ProcessRunner::Product";
			remoteInfo = ProcessRunner;
		};
		38EAF7CF206B7AAA00F6192F /* PBXContainerItemProxy */ = {
			isa = PBXContainerItemProxy;
			containerPortal = 38EAF7A6206B7AAA00F6192F /* Dependencies.xcodeproj */;
			proxyType = 2;
			remoteGlobalIDString = "S3Kit::S3Kit::Product";
			remoteInfo = S3Kit;
		};
		38EAF7D1206B7AAA00F6192F /* PBXContainerItemProxy */ = {
			isa = PBXContainerItemProxy;
			containerPortal = 38EAF7A6206B7AAA00F6192F /* Dependencies.xcodeproj */;
			proxyType = 2;
			remoteGlobalIDString = "XcodeHelperCliKit::XcodeHelperCliKit::Product";
			remoteInfo = XcodeHelperCliKit;
		};
		38EAF7D3206B7AAA00F6192F /* PBXContainerItemProxy */ = {
			isa = PBXContainerItemProxy;
			containerPortal = 38EAF7A6206B7AAA00F6192F /* Dependencies.xcodeproj */;
			proxyType = 2;
			remoteGlobalIDString = "XcodeHelperKit::XcodeHelperKit::Product";
			remoteInfo = XcodeHelperKit;
		};
		38EAF7D5206B7AAA00F6192F /* PBXContainerItemProxy */ = {
			isa = PBXContainerItemProxy;
			containerPortal = 38EAF7A6206B7AAA00F6192F /* Dependencies.xcodeproj */;
			proxyType = 2;
			remoteGlobalIDString = "Yaml::Yaml::Product";
			remoteInfo = Yaml;
		};
		38EFCE3221D1B2540084DC3D /* PBXContainerItemProxy */ = {
			isa = PBXContainerItemProxy;
			containerPortal = 38EAF7A6206B7AAA00F6192F /* Dependencies.xcodeproj */;
			proxyType = 2;
			remoteGlobalIDString = "SwiftShell::SwiftShell::Product";
			remoteInfo = SwiftShell;
		};
		38EFCE3421D1B2540084DC3D /* PBXContainerItemProxy */ = {
			isa = PBXContainerItemProxy;
			containerPortal = 38EAF7A6206B7AAA00F6192F /* Dependencies.xcodeproj */;
			proxyType = 2;
			remoteGlobalIDString = "xcodeproj::xcodeproj::Product";
			remoteInfo = xcodeproj;
		};
/* End PBXContainerItemProxy section */

/* Begin PBXCopyFilesBuildPhase section */
		384E51DA1DC6B38500FAC6C1 /* Embed App Extensions */ = {
			isa = PBXCopyFilesBuildPhase;
			buildActionMask = 2147483647;
			dstPath = "";
			dstSubfolderSpec = 13;
			files = (
				384E51D61DC6B38500FAC6C1 /* Xcode Helper.appex in Embed App Extensions */,
			);
			name = "Embed App Extensions";
			runOnlyForDeploymentPostprocessing = 0;
		};
		387F2CD92077F1F800D93881 /* Embed XPC Services */ = {
			isa = PBXCopyFilesBuildPhase;
			buildActionMask = 2147483647;
			dstPath = "$(CONTENTS_FOLDER_PATH)/XPCServices";
			dstSubfolderSpec = 16;
			files = (
				387F2D0A2077F9DF00D93881 /* xchelperxpc.xpc in Embed XPC Services */,
			);
			name = "Embed XPC Services";
			runOnlyForDeploymentPostprocessing = 0;
		};
		3898C9352078C04200A51743 /* CopyFiles */ = {
			isa = PBXCopyFilesBuildPhase;
			buildActionMask = 2147483647;
			dstPath = "$(CONTENTS_FOLDER_PATH)/XPCServices";
			dstSubfolderSpec = 16;
			files = (
				3898C9362078C05600A51743 /* xchelperxpc.xpc in CopyFiles */,
			);
			runOnlyForDeploymentPostprocessing = 0;
		};
		38DFD6BC1E2AB28100C3D931 /* CopyFiles */ = {
			isa = PBXCopyFilesBuildPhase;
			buildActionMask = 2147483647;
			dstPath = "";
			dstSubfolderSpec = 10;
			files = (
				38EAF800206B7B5D00F6192F /* ProcessRunner.framework in CopyFiles */,
				38EAF801206B7B5D00F6192F /* Yaml.framework in CopyFiles */,
				38EAF802206B7B5D00F6192F /* XcodeHelperCliKit.framework in CopyFiles */,
				38EAF804206B7B5E00F6192F /* S3Kit.framework in CopyFiles */,
				38EAF805206B7B5E00F6192F /* XcodeHelperKit.framework in CopyFiles */,
				38EAF806206B7B5E00F6192F /* AEXML.framework in CopyFiles */,
				38EAF807206B7B5E00F6192F /* DockerProcess.framework in CopyFiles */,
				38EAF808206B7B5E00F6192F /* PathKit.framework in CopyFiles */,
				38EAF809206B7B5E00F6192F /* CliRunnable.framework in CopyFiles */,
			);
			runOnlyForDeploymentPostprocessing = 0;
		};
/* End PBXCopyFilesBuildPhase section */

/* Begin PBXFileReference section */
		38083FFB206C6023004A62C0 /* TODO */ = {isa = PBXFileReference; lastKnownFileType = text; path = TODO; sourceTree = "<group>"; };
		380B81621E269262003E0951 /* Defaultable.swift */ = {isa = PBXFileReference; fileEncoding = 4; lastKnownFileType = sourcecode.swift; path = Defaultable.swift; sourceTree = "<group>"; };
		381E29F61E544DDB00557BB1 /* XCTargetTests.swift */ = {isa = PBXFileReference; fileEncoding = 4; lastKnownFileType = sourcecode.swift; path = XCTargetTests.swift; sourceTree = "<group>"; };
		381EF0E61E73092B008A3717 /* TargetSettingsViewController.swift */ = {isa = PBXFileReference; fileEncoding = 4; lastKnownFileType = sourcecode.swift; path = TargetSettingsViewController.swift; sourceTree = "<group>"; };
		3836A7651E3B302B0098CE9A /* XCWorkspaceTests.swift */ = {isa = PBXFileReference; fileEncoding = 4; lastKnownFileType = sourcecode.swift; path = XCWorkspaceTests.swift; sourceTree = "<group>"; };
		384E51A41DC6B36700FAC6C1 /* XcodeHelper.app */ = {isa = PBXFileReference; explicitFileType = wrapper.application; includeInIndex = 0; path = XcodeHelper.app; sourceTree = BUILT_PRODUCTS_DIR; };
		384E51A71DC6B36700FAC6C1 /* AppDelegate.swift */ = {isa = PBXFileReference; lastKnownFileType = sourcecode.swift; path = AppDelegate.swift; sourceTree = "<group>"; };
		384E51AB1DC6B36700FAC6C1 /* Assets.xcassets */ = {isa = PBXFileReference; lastKnownFileType = folder.assetcatalog; path = Assets.xcassets; sourceTree = "<group>"; };
		384E51B01DC6B36700FAC6C1 /* Info.plist */ = {isa = PBXFileReference; lastKnownFileType = text.plist.xml; path = Info.plist; sourceTree = "<group>"; };
		384E51B51DC6B36700FAC6C1 /* XcodeHelperTests.xctest */ = {isa = PBXFileReference; explicitFileType = wrapper.cfbundle; includeInIndex = 0; path = XcodeHelperTests.xctest; sourceTree = BUILT_PRODUCTS_DIR; };
		384E51B91DC6B36700FAC6C1 /* XcodeHelperTestCase.swift */ = {isa = PBXFileReference; lastKnownFileType = sourcecode.swift; path = XcodeHelperTestCase.swift; sourceTree = "<group>"; };
		384E51BB1DC6B36700FAC6C1 /* Info.plist */ = {isa = PBXFileReference; lastKnownFileType = text.plist.xml; path = Info.plist; sourceTree = "<group>"; };
		384E51C81DC6B38500FAC6C1 /* Xcode Helper.appex */ = {isa = PBXFileReference; explicitFileType = "wrapper.app-extension"; includeInIndex = 0; path = "Xcode Helper.appex"; sourceTree = BUILT_PRODUCTS_DIR; };
		384E51CA1DC6B38500FAC6C1 /* Cocoa.framework */ = {isa = PBXFileReference; lastKnownFileType = wrapper.framework; name = Cocoa.framework; path = System/Library/Frameworks/Cocoa.framework; sourceTree = SDKROOT; };
		384E51CE1DC6B38500FAC6C1 /* SourceExtension.entitlements */ = {isa = PBXFileReference; lastKnownFileType = text.plist.entitlements; path = SourceExtension.entitlements; sourceTree = "<group>"; };
		384E51CF1DC6B38500FAC6C1 /* SourceEditorExtension.swift */ = {isa = PBXFileReference; lastKnownFileType = sourcecode.swift; path = SourceEditorExtension.swift; sourceTree = "<group>"; };
		384E51D11DC6B38500FAC6C1 /* SourceEditorCommand.swift */ = {isa = PBXFileReference; lastKnownFileType = sourcecode.swift; path = SourceEditorCommand.swift; sourceTree = "<group>"; };
		384E51D31DC6B38500FAC6C1 /* Info.plist */ = {isa = PBXFileReference; lastKnownFileType = text.plist.xml; path = Info.plist; sourceTree = "<group>"; };
		384E51DB1DC6B3DA00FAC6C1 /* GetCurrentDocument.scpt */ = {isa = PBXFileReference; fileEncoding = 4; lastKnownFileType = text.script.sh; path = GetCurrentDocument.scpt; sourceTree = "<group>"; };
		3857C25C1E6C68E100731BE7 /* XcodeTests.swift */ = {isa = PBXFileReference; fileEncoding = 4; lastKnownFileType = sourcecode.swift; path = XcodeTests.swift; sourceTree = "<group>"; };
		3857C25E1E6C76DE00731BE7 /* XCDocumentableTests.swift */ = {isa = PBXFileReference; fileEncoding = 4; lastKnownFileType = sourcecode.swift; path = XCDocumentableTests.swift; sourceTree = "<group>"; };
		387BF3881DC6F07200318807 /* XcodeHelper.entitlements */ = {isa = PBXFileReference; lastKnownFileType = text.plist.entitlements; path = XcodeHelper.entitlements; sourceTree = "<group>"; };
		387D8D6120703769006ABD14 /* CommandRunner.swift */ = {isa = PBXFileReference; fileEncoding = 4; lastKnownFileType = sourcecode.swift; path = CommandRunner.swift; sourceTree = "<group>"; };
		387D8D6220703769006ABD14 /* NSView+Extensions.swift */ = {isa = PBXFileReference; fileEncoding = 4; lastKnownFileType = sourcecode.swift; path = "NSView+Extensions.swift"; sourceTree = "<group>"; };
		387D8D6320703769006ABD14 /* CollectionExtension.swift */ = {isa = PBXFileReference; fileEncoding = 4; lastKnownFileType = sourcecode.swift; path = CollectionExtension.swift; sourceTree = "<group>"; };
		387D8D6420703769006ABD14 /* XCDocumentable.swift */ = {isa = PBXFileReference; fileEncoding = 4; lastKnownFileType = sourcecode.swift; path = XCDocumentable.swift; sourceTree = "<group>"; };
		387D8D6520703769006ABD14 /* XCProject.swift */ = {isa = PBXFileReference; fileEncoding = 4; lastKnownFileType = sourcecode.swift; path = XCProject.swift; sourceTree = "<group>"; };
		387D8D6620703769006ABD14 /* XCTarget.swift */ = {isa = PBXFileReference; fileEncoding = 4; lastKnownFileType = sourcecode.swift; path = XCTarget.swift; sourceTree = "<group>"; };
		387D8D6820703769006ABD14 /* Xcode.swift */ = {isa = PBXFileReference; fileEncoding = 4; lastKnownFileType = sourcecode.swift; path = Xcode.swift; sourceTree = "<group>"; };
		387D8D6920703769006ABD14 /* XCWorkspace.swift */ = {isa = PBXFileReference; fileEncoding = 4; lastKnownFileType = sourcecode.swift; path = XCWorkspace.swift; sourceTree = "<group>"; };
		387F2CF62077F5D100D93881 /* Foundation.framework */ = {isa = PBXFileReference; lastKnownFileType = wrapper.framework; name = Foundation.framework; path = System/Library/Frameworks/Foundation.framework; sourceTree = SDKROOT; };
		387F2CFF2077F9DF00D93881 /* xchelperxpc.xpc */ = {isa = PBXFileReference; explicitFileType = "wrapper.xpc-service"; includeInIndex = 0; path = xchelperxpc.xpc; sourceTree = BUILT_PRODUCTS_DIR; };
		387F2D072077F9DF00D93881 /* Info.plist */ = {isa = PBXFileReference; lastKnownFileType = text.plist.xml; path = Info.plist; sourceTree = "<group>"; };
		387F2D0E2077FBB800D93881 /* main.swift */ = {isa = PBXFileReference; fileEncoding = 4; lastKnownFileType = sourcecode.swift; path = main.swift; sourceTree = "<group>"; };
		387F2D102077FBB800D93881 /* XchelperServiceable.swift */ = {isa = PBXFileReference; fileEncoding = 4; lastKnownFileType = sourcecode.swift; path = XchelperServiceable.swift; sourceTree = "<group>"; };
		387F2D162077FDE600D93881 /* xchelperxpc.entitlements */ = {isa = PBXFileReference; lastKnownFileType = text.plist.entitlements; path = xchelperxpc.entitlements; sourceTree = "<group>"; };
		38A7D48C1F0D30B900213122 /* ConfigController.swift */ = {isa = PBXFileReference; lastKnownFileType = sourcecode.swift; path = ConfigController.swift; sourceTree = "<group>"; };
		38C9122E20E68D7B00B92379 /* Base */ = {isa = PBXFileReference; lastKnownFileType = file.storyboard; name = Base; path = Base.lproj/Main.storyboard; sourceTree = "<group>"; };
		38DFD6C81E2AB8F300C3D931 /* StatusMenuController.swift */ = {isa = PBXFileReference; fileEncoding = 4; lastKnownFileType = sourcecode.swift; path = StatusMenuController.swift; sourceTree = "<group>"; };
		38E7A2A91E3FA463007EA9A6 /* XCProjectTests.swift */ = {isa = PBXFileReference; fileEncoding = 4; lastKnownFileType = sourcecode.swift; path = XCProjectTests.swift; sourceTree = "<group>"; };
		38E8F7941E471AF400097EEC /* TargetListControllerTests.swift */ = {isa = PBXFileReference; fileEncoding = 4; lastKnownFileType = sourcecode.swift; path = TargetListControllerTests.swift; sourceTree = "<group>"; };
		38EAF7A6206B7AAA00F6192F /* Dependencies.xcodeproj */ = {isa = PBXFileReference; lastKnownFileType = "wrapper.pb-project"; name = Dependencies.xcodeproj; path = Dependencies/Dependencies.xcodeproj; sourceTree = "<group>"; };
/* End PBXFileReference section */

/* Begin PBXFrameworksBuildPhase section */
		384E51A11DC6B36700FAC6C1 /* Frameworks */ = {
			isa = PBXFrameworksBuildPhase;
			buildActionMask = 2147483647;
			files = (
				389025EC21DAA122002B678F /* xcodeproj.framework in Frameworks */,
				38EAF7F4206B7B5200F6192F /* AEXML.framework in Frameworks */,
				38EAF7F5206B7B5200F6192F /* CliRunnable.framework in Frameworks */,
				38EAF7F7206B7B5200F6192F /* DockerProcess.framework in Frameworks */,
				38EAF7F8206B7B5200F6192F /* PathKit.framework in Frameworks */,
				38EAF7F9206B7B5200F6192F /* ProcessRunner.framework in Frameworks */,
				38EAF7FA206B7B5200F6192F /* S3Kit.framework in Frameworks */,
				38EAF7FB206B7B5200F6192F /* XcodeHelperCliKit.framework in Frameworks */,
				38EAF7FC206B7B5200F6192F /* XcodeHelperKit.framework in Frameworks */,
				38EAF7FE206B7B5200F6192F /* Yaml.framework in Frameworks */,
			);
			runOnlyForDeploymentPostprocessing = 0;
		};
		384E51B21DC6B36700FAC6C1 /* Frameworks */ = {
			isa = PBXFrameworksBuildPhase;
			buildActionMask = 2147483647;
			files = (
			);
			runOnlyForDeploymentPostprocessing = 0;
		};
		384E51C51DC6B38500FAC6C1 /* Frameworks */ = {
			isa = PBXFrameworksBuildPhase;
			buildActionMask = 2147483647;
			files = (
				38958AEF2079D5A100A3830E /* CliRunnable.framework in Frameworks */,
				38958AF02079D5A100A3830E /* DockerProcess.framework in Frameworks */,
				38958AF12079D5A100A3830E /* ProcessRunner.framework in Frameworks */,
				38958AF22079D5A100A3830E /* S3Kit.framework in Frameworks */,
				38958AF32079D5A100A3830E /* XcodeHelperCliKit.framework in Frameworks */,
				38958AF42079D5A100A3830E /* XcodeHelperKit.framework in Frameworks */,
				38958AF52079D5A100A3830E /* Yaml.framework in Frameworks */,
				384E51CB1DC6B38500FAC6C1 /* Cocoa.framework in Frameworks */,
			);
			runOnlyForDeploymentPostprocessing = 0;
		};
		387F2CFC2077F9DF00D93881 /* Frameworks */ = {
			isa = PBXFrameworksBuildPhase;
			buildActionMask = 2147483647;
			files = (
				ACB3B940207ADD38006F0FB9 /* AEXML.framework in Frameworks */,
				ACB3B941207ADD38006F0FB9 /* PathKit.framework in Frameworks */,
				381C125A2078C5EB006B66B6 /* CliRunnable.framework in Frameworks */,
				381C125C2078C5EB006B66B6 /* DockerProcess.framework in Frameworks */,
				381C125E2078C5EB006B66B6 /* ProcessRunner.framework in Frameworks */,
				381C125F2078C5EB006B66B6 /* S3Kit.framework in Frameworks */,
				381C12602078C5EB006B66B6 /* XcodeHelperCliKit.framework in Frameworks */,
				381C12612078C5EB006B66B6 /* XcodeHelperKit.framework in Frameworks */,
				381C12632078C5EB006B66B6 /* Yaml.framework in Frameworks */,
			);
			runOnlyForDeploymentPostprocessing = 0;
		};
/* End PBXFrameworksBuildPhase section */

/* Begin PBXGroup section */
		384E519B1DC6B36700FAC6C1 = {
			isa = PBXGroup;
			children = (
				38EAF7A6206B7AAA00F6192F /* Dependencies.xcodeproj */,
				38083FFB206C6023004A62C0 /* TODO */,
				384E51A61DC6B36700FAC6C1 /* XcodeHelper */,
				384E51B81DC6B36700FAC6C1 /* XcodeHelperTests */,
				384E51CC1DC6B38500FAC6C1 /* SourceExtension */,
				387F2D002077F9DF00D93881 /* xchelperxpc */,
				384E51C91DC6B38500FAC6C1 /* Frameworks */,
				384E51A51DC6B36700FAC6C1 /* Products */,
			);
			sourceTree = "<group>";
		};
		384E51A51DC6B36700FAC6C1 /* Products */ = {
			isa = PBXGroup;
			children = (
				384E51A41DC6B36700FAC6C1 /* XcodeHelper.app */,
				384E51B51DC6B36700FAC6C1 /* XcodeHelperTests.xctest */,
				384E51C81DC6B38500FAC6C1 /* Xcode Helper.appex */,
				387F2CFF2077F9DF00D93881 /* xchelperxpc.xpc */,
			);
			name = Products;
			sourceTree = "<group>";
		};
		384E51A61DC6B36700FAC6C1 /* XcodeHelper */ = {
			isa = PBXGroup;
			children = (
				387BF3881DC6F07200318807 /* XcodeHelper.entitlements */,
				384E51A71DC6B36700FAC6C1 /* AppDelegate.swift */,
				38DFD6C81E2AB8F300C3D931 /* StatusMenuController.swift */,
				38A7D48C1F0D30B900213122 /* ConfigController.swift */,
				380B81621E269262003E0951 /* Defaultable.swift */,
				387D8D732070378A006ABD14 /* Extensions */,
				38C73F642072842B002F0BD8 /* Xcode */,
				3853F83E1E64BD4300A39C1A /* Settings */,
				384E51AB1DC6B36700FAC6C1 /* Assets.xcassets */,
				38C9122D20E68D7B00B92379 /* Main.storyboard */,
				384E51B01DC6B36700FAC6C1 /* Info.plist */,
			);
			path = XcodeHelper;
			sourceTree = "<group>";
		};
		384E51B81DC6B36700FAC6C1 /* XcodeHelperTests */ = {
			isa = PBXGroup;
			children = (
				384E51B91DC6B36700FAC6C1 /* XcodeHelperTestCase.swift */,
				3836A7651E3B302B0098CE9A /* XCWorkspaceTests.swift */,
				38E7A2A91E3FA463007EA9A6 /* XCProjectTests.swift */,
				381E29F61E544DDB00557BB1 /* XCTargetTests.swift */,
				38E8F7941E471AF400097EEC /* TargetListControllerTests.swift */,
				3857C25C1E6C68E100731BE7 /* XcodeTests.swift */,
				3857C25E1E6C76DE00731BE7 /* XCDocumentableTests.swift */,
				384E51BB1DC6B36700FAC6C1 /* Info.plist */,
			);
			path = XcodeHelperTests;
			sourceTree = "<group>";
		};
		384E51C91DC6B38500FAC6C1 /* Frameworks */ = {
			isa = PBXGroup;
			children = (
				387F2CF62077F5D100D93881 /* Foundation.framework */,
				384E51CA1DC6B38500FAC6C1 /* Cocoa.framework */,
			);
			name = Frameworks;
			sourceTree = "<group>";
		};
		384E51CC1DC6B38500FAC6C1 /* SourceExtension */ = {
			isa = PBXGroup;
			children = (
				384E51CF1DC6B38500FAC6C1 /* SourceEditorExtension.swift */,
				384E51D11DC6B38500FAC6C1 /* SourceEditorCommand.swift */,
				384E51D31DC6B38500FAC6C1 /* Info.plist */,
				384E51CD1DC6B38500FAC6C1 /* Supporting Files */,
				384E51DB1DC6B3DA00FAC6C1 /* GetCurrentDocument.scpt */,
			);
			path = SourceExtension;
			sourceTree = "<group>";
		};
		384E51CD1DC6B38500FAC6C1 /* Supporting Files */ = {
			isa = PBXGroup;
			children = (
				384E51CE1DC6B38500FAC6C1 /* SourceExtension.entitlements */,
			);
			name = "Supporting Files";
			sourceTree = "<group>";
		};
		3853F83E1E64BD4300A39C1A /* Settings */ = {
			isa = PBXGroup;
			children = (
				381EF0E61E73092B008A3717 /* TargetSettingsViewController.swift */,
			);
			name = Settings;
			sourceTree = "<group>";
		};
		387D8D732070378A006ABD14 /* Extensions */ = {
			isa = PBXGroup;
			children = (
				387D8D6320703769006ABD14 /* CollectionExtension.swift */,
				387D8D6220703769006ABD14 /* NSView+Extensions.swift */,
			);
			name = Extensions;
			sourceTree = "<group>";
		};
		387F2D002077F9DF00D93881 /* xchelperxpc */ = {
			isa = PBXGroup;
			children = (
				387F2D0E2077FBB800D93881 /* main.swift */,
				387F2D102077FBB800D93881 /* XchelperServiceable.swift */,
				387D8D6120703769006ABD14 /* CommandRunner.swift */,
				387F2D162077FDE600D93881 /* xchelperxpc.entitlements */,
				387F2D072077F9DF00D93881 /* Info.plist */,
			);
			path = xchelperxpc;
			sourceTree = "<group>";
		};
		38C73F642072842B002F0BD8 /* Xcode */ = {
			isa = PBXGroup;
			children = (
				387D8D6420703769006ABD14 /* XCDocumentable.swift */,
				387D8D6820703769006ABD14 /* Xcode.swift */,
				387D8D6520703769006ABD14 /* XCProject.swift */,
				387D8D6620703769006ABD14 /* XCTarget.swift */,
				387D8D6920703769006ABD14 /* XCWorkspace.swift */,
			);
			name = Xcode;
			sourceTree = "<group>";
		};
		38EAF7A7206B7AAA00F6192F /* Products */ = {
			isa = PBXGroup;
			children = (
				38EAF7C2206B7AAA00F6192F /* AEXML.framework */,
				38EAF7C4206B7AAA00F6192F /* CliRunnable.framework */,
				38EAF7C6206B7AAA00F6192F /* Dependencies.framework */,
				38EAF7CA206B7AAA00F6192F /* DockerProcess.framework */,
				38EAF7CC206B7AAA00F6192F /* PathKit.framework */,
				38EAF7CE206B7AAA00F6192F /* ProcessRunner.framework */,
				38EAF7D0206B7AAA00F6192F /* S3Kit.framework */,
				38EFCE3321D1B2540084DC3D /* SwiftShell.framework */,
				38EAF7D2206B7AAA00F6192F /* XcodeHelperCliKit.framework */,
				38EAF7D4206B7AAA00F6192F /* XcodeHelperKit.framework */,
				38EAF7D6206B7AAA00F6192F /* Yaml.framework */,
				38EFCE3521D1B2540084DC3D /* xcodeproj.framework */,
			);
			name = Products;
			sourceTree = "<group>";
		};
/* End PBXGroup section */

/* Begin PBXNativeTarget section */
		384E51A31DC6B36700FAC6C1 /* XcodeHelper */ = {
			isa = PBXNativeTarget;
			buildConfigurationList = 384E51BE1DC6B36700FAC6C1 /* Build configuration list for PBXNativeTarget "XcodeHelper" */;
			buildPhases = (
				384E51A01DC6B36700FAC6C1 /* Sources */,
				384E51A11DC6B36700FAC6C1 /* Frameworks */,
				38DFD6BC1E2AB28100C3D931 /* CopyFiles */,
				384E51A21DC6B36700FAC6C1 /* Resources */,
				384E51DA1DC6B38500FAC6C1 /* Embed App Extensions */,
				387F2CD92077F1F800D93881 /* Embed XPC Services */,
			);
			buildRules = (
			);
			dependencies = (
				384E51D51DC6B38500FAC6C1 /* PBXTargetDependency */,
				387F2D092077F9DF00D93881 /* PBXTargetDependency */,
			);
			name = XcodeHelper;
			productName = XcodeHelper;
			productReference = 384E51A41DC6B36700FAC6C1 /* XcodeHelper.app */;
			productType = "com.apple.product-type.application";
		};
		384E51B41DC6B36700FAC6C1 /* XcodeHelperTests */ = {
			isa = PBXNativeTarget;
			buildConfigurationList = 384E51C11DC6B36700FAC6C1 /* Build configuration list for PBXNativeTarget "XcodeHelperTests" */;
			buildPhases = (
				384E51B11DC6B36700FAC6C1 /* Sources */,
				384E51B21DC6B36700FAC6C1 /* Frameworks */,
				384E51B31DC6B36700FAC6C1 /* Resources */,
			);
			buildRules = (
			);
			dependencies = (
				384E51B71DC6B36700FAC6C1 /* PBXTargetDependency */,
			);
			name = XcodeHelperTests;
			productName = XcodeHelperTests;
			productReference = 384E51B51DC6B36700FAC6C1 /* XcodeHelperTests.xctest */;
			productType = "com.apple.product-type.bundle.unit-test";
		};
		384E51C71DC6B38500FAC6C1 /* SourceExtension */ = {
			isa = PBXNativeTarget;
			buildConfigurationList = 384E51D71DC6B38500FAC6C1 /* Build configuration list for PBXNativeTarget "SourceExtension" */;
			buildPhases = (
				384E51C41DC6B38500FAC6C1 /* Sources */,
				384E51C51DC6B38500FAC6C1 /* Frameworks */,
				384E51C61DC6B38500FAC6C1 /* Resources */,
				3898C9352078C04200A51743 /* CopyFiles */,
			);
			buildRules = (
			);
			dependencies = (
				3898C9392078C14F00A51743 /* PBXTargetDependency */,
			);
			name = SourceExtension;
			productName = SourceExtension;
			productReference = 384E51C81DC6B38500FAC6C1 /* Xcode Helper.appex */;
			productType = "com.apple.product-type.xcode-extension";
		};
		387F2CFE2077F9DF00D93881 /* xchelperxpc */ = {
			isa = PBXNativeTarget;
			buildConfigurationList = 387F2D0B2077F9DF00D93881 /* Build configuration list for PBXNativeTarget "xchelperxpc" */;
			buildPhases = (
				387F2CFB2077F9DF00D93881 /* Sources */,
				387F2CFC2077F9DF00D93881 /* Frameworks */,
				38D6B3932079D885000DCB82 /* Resources */,
			);
			buildRules = (
			);
			dependencies = (
			);
			name = xchelperxpc;
			productName = xchelperxpc;
			productReference = 387F2CFF2077F9DF00D93881 /* xchelperxpc.xpc */;
			productType = "com.apple.product-type.xpc-service";
		};
/* End PBXNativeTarget section */

/* Begin PBXProject section */
		384E519C1DC6B36700FAC6C1 /* Project object */ = {
			isa = PBXProject;
			attributes = {
				LastSwiftUpdateCheck = 0930;
				LastUpgradeCheck = 0930;
				ORGANIZATIONNAME = "Joel Saltzman";
				TargetAttributes = {
					384E51A31DC6B36700FAC6C1 = {
						CreatedOnToolsVersion = 8.0;
						DevelopmentTeam = A43A74F4MB;
						LastSwiftMigration = 1010;
						ProvisioningStyle = Automatic;
						SystemCapabilities = {
							com.apple.ApplicationGroups.Mac = {
								enabled = 0;
							};
							com.apple.HardenedRuntime = {
								enabled = 1;
							};
							com.apple.Sandbox = {
								enabled = 0;
							};
						};
					};
					384E51B41DC6B36700FAC6C1 = {
						CreatedOnToolsVersion = 8.0;
						DevelopmentTeam = A43A74F4MB;
						LastSwiftMigration = 1010;
						ProvisioningStyle = Automatic;
						TestTargetID = 384E51A31DC6B36700FAC6C1;
					};
					384E51C71DC6B38500FAC6C1 = {
						CreatedOnToolsVersion = 8.0;
						DevelopmentTeam = A43A74F4MB;
						LastSwiftMigration = 1010;
						ProvisioningStyle = Automatic;
						SystemCapabilities = {
							com.apple.ApplicationGroups.Mac = {
								enabled = 0;
							};
							com.apple.Sandbox = {
								enabled = 1;
							};
						};
					};
					387F2CFE2077F9DF00D93881 = {
						CreatedOnToolsVersion = 9.4;
						LastSwiftMigration = 1010;
					};
				};
			};
			buildConfigurationList = 384E519F1DC6B36700FAC6C1 /* Build configuration list for PBXProject "XcodeHelper" */;
			compatibilityVersion = "Xcode 9.3";
			developmentRegion = English;
			hasScannedForEncodings = 0;
			knownRegions = (
				en,
				Base,
			);
			mainGroup = 384E519B1DC6B36700FAC6C1;
			productRefGroup = 384E51A51DC6B36700FAC6C1 /* Products */;
			projectDirPath = "";
			projectReferences = (
				{
					ProductGroup = 38EAF7A7206B7AAA00F6192F /* Products */;
					ProjectRef = 38EAF7A6206B7AAA00F6192F /* Dependencies.xcodeproj */;
				},
			);
			projectRoot = "";
			targets = (
				384E51A31DC6B36700FAC6C1 /* XcodeHelper */,
				384E51B41DC6B36700FAC6C1 /* XcodeHelperTests */,
				384E51C71DC6B38500FAC6C1 /* SourceExtension */,
				387F2CFE2077F9DF00D93881 /* xchelperxpc */,
			);
		};
/* End PBXProject section */

/* Begin PBXReferenceProxy section */
		38EAF7C2206B7AAA00F6192F /* AEXML.framework */ = {
			isa = PBXReferenceProxy;
			fileType = wrapper.framework;
			path = AEXML.framework;
			remoteRef = 38EAF7C1206B7AAA00F6192F /* PBXContainerItemProxy */;
			sourceTree = BUILT_PRODUCTS_DIR;
		};
		38EAF7C4206B7AAA00F6192F /* CliRunnable.framework */ = {
			isa = PBXReferenceProxy;
			fileType = wrapper.framework;
			path = CliRunnable.framework;
			remoteRef = 38EAF7C3206B7AAA00F6192F /* PBXContainerItemProxy */;
			sourceTree = BUILT_PRODUCTS_DIR;
		};
		38EAF7C6206B7AAA00F6192F /* Dependencies.framework */ = {
			isa = PBXReferenceProxy;
			fileType = wrapper.framework;
			path = Dependencies.framework;
			remoteRef = 38EAF7C5206B7AAA00F6192F /* PBXContainerItemProxy */;
			sourceTree = BUILT_PRODUCTS_DIR;
		};
		38EAF7CA206B7AAA00F6192F /* DockerProcess.framework */ = {
			isa = PBXReferenceProxy;
			fileType = wrapper.framework;
			path = DockerProcess.framework;
			remoteRef = 38EAF7C9206B7AAA00F6192F /* PBXContainerItemProxy */;
			sourceTree = BUILT_PRODUCTS_DIR;
		};
		38EAF7CC206B7AAA00F6192F /* PathKit.framework */ = {
			isa = PBXReferenceProxy;
			fileType = wrapper.framework;
			path = PathKit.framework;
			remoteRef = 38EAF7CB206B7AAA00F6192F /* PBXContainerItemProxy */;
			sourceTree = BUILT_PRODUCTS_DIR;
		};
		38EAF7CE206B7AAA00F6192F /* ProcessRunner.framework */ = {
			isa = PBXReferenceProxy;
			fileType = wrapper.framework;
			path = ProcessRunner.framework;
			remoteRef = 38EAF7CD206B7AAA00F6192F /* PBXContainerItemProxy */;
			sourceTree = BUILT_PRODUCTS_DIR;
		};
		38EAF7D0206B7AAA00F6192F /* S3Kit.framework */ = {
			isa = PBXReferenceProxy;
			fileType = wrapper.framework;
			path = S3Kit.framework;
			remoteRef = 38EAF7CF206B7AAA00F6192F /* PBXContainerItemProxy */;
			sourceTree = BUILT_PRODUCTS_DIR;
		};
		38EAF7D2206B7AAA00F6192F /* XcodeHelperCliKit.framework */ = {
			isa = PBXReferenceProxy;
			fileType = wrapper.framework;
			path = XcodeHelperCliKit.framework;
			remoteRef = 38EAF7D1206B7AAA00F6192F /* PBXContainerItemProxy */;
			sourceTree = BUILT_PRODUCTS_DIR;
		};
		38EAF7D4206B7AAA00F6192F /* XcodeHelperKit.framework */ = {
			isa = PBXReferenceProxy;
			fileType = wrapper.framework;
			path = XcodeHelperKit.framework;
			remoteRef = 38EAF7D3206B7AAA00F6192F /* PBXContainerItemProxy */;
			sourceTree = BUILT_PRODUCTS_DIR;
		};
		38EAF7D6206B7AAA00F6192F /* Yaml.framework */ = {
			isa = PBXReferenceProxy;
			fileType = wrapper.framework;
			path = Yaml.framework;
			remoteRef = 38EAF7D5206B7AAA00F6192F /* PBXContainerItemProxy */;
			sourceTree = BUILT_PRODUCTS_DIR;
		};
		38EFCE3321D1B2540084DC3D /* SwiftShell.framework */ = {
			isa = PBXReferenceProxy;
			fileType = wrapper.framework;
			path = SwiftShell.framework;
			remoteRef = 38EFCE3221D1B2540084DC3D /* PBXContainerItemProxy */;
			sourceTree = BUILT_PRODUCTS_DIR;
		};
		38EFCE3521D1B2540084DC3D /* xcodeproj.framework */ = {
			isa = PBXReferenceProxy;
			fileType = wrapper.framework;
			path = xcodeproj.framework;
			remoteRef = 38EFCE3421D1B2540084DC3D /* PBXContainerItemProxy */;
			sourceTree = BUILT_PRODUCTS_DIR;
		};
/* End PBXReferenceProxy section */

/* Begin PBXResourcesBuildPhase section */
		384E51A21DC6B36700FAC6C1 /* Resources */ = {
			isa = PBXResourcesBuildPhase;
			buildActionMask = 2147483647;
			files = (
				38C9122F20E68D7B00B92379 /* Main.storyboard in Resources */,
				384E51AC1DC6B36700FAC6C1 /* Assets.xcassets in Resources */,
				384E51DC1DC6B3DA00FAC6C1 /* GetCurrentDocument.scpt in Resources */,
			);
			runOnlyForDeploymentPostprocessing = 0;
		};
		384E51B31DC6B36700FAC6C1 /* Resources */ = {
			isa = PBXResourcesBuildPhase;
			buildActionMask = 2147483647;
			files = (
			);
			runOnlyForDeploymentPostprocessing = 0;
		};
		384E51C61DC6B38500FAC6C1 /* Resources */ = {
			isa = PBXResourcesBuildPhase;
			buildActionMask = 2147483647;
			files = (
			);
			runOnlyForDeploymentPostprocessing = 0;
		};
		38D6B3932079D885000DCB82 /* Resources */ = {
			isa = PBXResourcesBuildPhase;
			buildActionMask = 2147483647;
			files = (
				38D6B3942079D8ED000DCB82 /* ProcessRunner.framework in Resources */,
				38D6B3952079D8ED000DCB82 /* S3Kit.framework in Resources */,
				38D6B3962079D8ED000DCB82 /* XcodeHelperCliKit.framework in Resources */,
				38D6B3972079D8ED000DCB82 /* CliRunnable.framework in Resources */,
				38D6B3982079D8ED000DCB82 /* DockerProcess.framework in Resources */,
				38D6B3992079D8ED000DCB82 /* Yaml.framework in Resources */,
				38D6B39A2079D8ED000DCB82 /* XcodeHelperKit.framework in Resources */,
			);
			runOnlyForDeploymentPostprocessing = 0;
		};
/* End PBXResourcesBuildPhase section */

/* Begin PBXSourcesBuildPhase section */
		384E51A01DC6B36700FAC6C1 /* Sources */ = {
			isa = PBXSourcesBuildPhase;
			buildActionMask = 2147483647;
			files = (
				387D8D6D20703769006ABD14 /* XCDocumentable.swift in Sources */,
				38A7D48D1F0D30B900213122 /* ConfigController.swift in Sources */,
				387D8D6B20703769006ABD14 /* NSView+Extensions.swift in Sources */,
				387F2D1C20789F9F00D93881 /* CommandRunner.swift in Sources */,
				387F2D1A20789F1400D93881 /* XchelperServiceable.swift in Sources */,
				38DFD6C91E2AB8F300C3D931 /* StatusMenuController.swift in Sources */,
				387D8D7220703769006ABD14 /* XCWorkspace.swift in Sources */,
				387D8D6C20703769006ABD14 /* CollectionExtension.swift in Sources */,
				387D8D7120703769006ABD14 /* Xcode.swift in Sources */,
				387D8D6E20703769006ABD14 /* XCProject.swift in Sources */,
				381EF0E71E73092B008A3717 /* TargetSettingsViewController.swift in Sources */,
				384E51A81DC6B36700FAC6C1 /* AppDelegate.swift in Sources */,
				387D8D6F20703769006ABD14 /* XCTarget.swift in Sources */,
			);
			runOnlyForDeploymentPostprocessing = 0;
		};
		384E51B11DC6B36700FAC6C1 /* Sources */ = {
			isa = PBXSourcesBuildPhase;
			buildActionMask = 2147483647;
			files = (
				38E8F7951E471AF400097EEC /* TargetListControllerTests.swift in Sources */,
				3836A7661E3B302B0098CE9A /* XCWorkspaceTests.swift in Sources */,
				384E51BA1DC6B36700FAC6C1 /* XcodeHelperTestCase.swift in Sources */,
				3857C25D1E6C68E100731BE7 /* XcodeTests.swift in Sources */,
				38E7A2AA1E3FA463007EA9A6 /* XCProjectTests.swift in Sources */,
				3857C25F1E6C76DE00731BE7 /* XCDocumentableTests.swift in Sources */,
				381E29F71E544DDB00557BB1 /* XCTargetTests.swift in Sources */,
			);
			runOnlyForDeploymentPostprocessing = 0;
		};
		384E51C41DC6B38500FAC6C1 /* Sources */ = {
			isa = PBXSourcesBuildPhase;
			buildActionMask = 2147483647;
			files = (
				384E51D01DC6B38500FAC6C1 /* SourceEditorExtension.swift in Sources */,
				387F2D1920789F0E00D93881 /* XchelperServiceable.swift in Sources */,
				384E51D21DC6B38500FAC6C1 /* SourceEditorCommand.swift in Sources */,
			);
			runOnlyForDeploymentPostprocessing = 0;
		};
		387F2CFB2077F9DF00D93881 /* Sources */ = {
			isa = PBXSourcesBuildPhase;
			buildActionMask = 2147483647;
			files = (
				387F2D132077FBB800D93881 /* XchelperServiceable.swift in Sources */,
				387F2D202078A03100D93881 /* XCProject.swift in Sources */,
				387F2D282078B13B00D93881 /* main.swift in Sources */,
				387F2D1F2078A02B00D93881 /* XCDocumentable.swift in Sources */,
				387F2D212078A03100D93881 /* XCTarget.swift in Sources */,
				387F2D222078A03100D93881 /* XCWorkspace.swift in Sources */,
				387F2D1E2078A02400D93881 /* Xcode.swift in Sources */,
				387F2D1B20789F7B00D93881 /* CommandRunner.swift in Sources */,
			);
			runOnlyForDeploymentPostprocessing = 0;
		};
/* End PBXSourcesBuildPhase section */

/* Begin PBXTargetDependency section */
		384E51B71DC6B36700FAC6C1 /* PBXTargetDependency */ = {
			isa = PBXTargetDependency;
			target = 384E51A31DC6B36700FAC6C1 /* XcodeHelper */;
			targetProxy = 384E51B61DC6B36700FAC6C1 /* PBXContainerItemProxy */;
		};
		384E51D51DC6B38500FAC6C1 /* PBXTargetDependency */ = {
			isa = PBXTargetDependency;
			target = 384E51C71DC6B38500FAC6C1 /* SourceExtension */;
			targetProxy = 384E51D41DC6B38500FAC6C1 /* PBXContainerItemProxy */;
		};
		387F2D092077F9DF00D93881 /* PBXTargetDependency */ = {
			isa = PBXTargetDependency;
			target = 387F2CFE2077F9DF00D93881 /* xchelperxpc */;
			targetProxy = 387F2D082077F9DF00D93881 /* PBXContainerItemProxy */;
		};
		3898C9392078C14F00A51743 /* PBXTargetDependency */ = {
			isa = PBXTargetDependency;
			target = 387F2CFE2077F9DF00D93881 /* xchelperxpc */;
			targetProxy = 3898C9382078C14F00A51743 /* PBXContainerItemProxy */;
		};
/* End PBXTargetDependency section */

/* Begin PBXVariantGroup section */
		38C9122D20E68D7B00B92379 /* Main.storyboard */ = {
			isa = PBXVariantGroup;
			children = (
				38C9122E20E68D7B00B92379 /* Base */,
			);
			name = Main.storyboard;
			sourceTree = "<group>";
		};
/* End PBXVariantGroup section */

/* Begin XCBuildConfiguration section */
		384E51BC1DC6B36700FAC6C1 /* Debug */ = {
			isa = XCBuildConfiguration;
			buildSettings = {
				ALWAYS_SEARCH_USER_PATHS = NO;
				CLANG_ANALYZER_NONNULL = YES;
				CLANG_CXX_LANGUAGE_STANDARD = "gnu++0x";
				CLANG_CXX_LIBRARY = "libc++";
				CLANG_ENABLE_MODULES = YES;
				CLANG_ENABLE_OBJC_ARC = YES;
				CLANG_WARN_BLOCK_CAPTURE_AUTORELEASING = YES;
				CLANG_WARN_BOOL_CONVERSION = YES;
				CLANG_WARN_COMMA = YES;
				CLANG_WARN_CONSTANT_CONVERSION = YES;
				CLANG_WARN_DEPRECATED_OBJC_IMPLEMENTATIONS = YES;
				CLANG_WARN_DIRECT_OBJC_ISA_USAGE = YES_ERROR;
				CLANG_WARN_DOCUMENTATION_COMMENTS = YES;
				CLANG_WARN_EMPTY_BODY = YES;
				CLANG_WARN_ENUM_CONVERSION = YES;
				CLANG_WARN_INFINITE_RECURSION = YES;
				CLANG_WARN_INT_CONVERSION = YES;
				CLANG_WARN_NON_LITERAL_NULL_CONVERSION = YES;
				CLANG_WARN_OBJC_IMPLICIT_RETAIN_SELF = YES;
				CLANG_WARN_OBJC_LITERAL_CONVERSION = YES;
				CLANG_WARN_OBJC_ROOT_CLASS = YES_ERROR;
				CLANG_WARN_RANGE_LOOP_ANALYSIS = YES;
				CLANG_WARN_STRICT_PROTOTYPES = YES;
				CLANG_WARN_SUSPICIOUS_MOVE = YES;
				CLANG_WARN_SUSPICIOUS_MOVES = YES;
				CLANG_WARN_UNREACHABLE_CODE = YES;
				CLANG_WARN__DUPLICATE_METHOD_MATCH = YES;
				CODE_SIGN_IDENTITY = "-";
				COPY_PHASE_STRIP = NO;
				DEBUG_INFORMATION_FORMAT = dwarf;
				ENABLE_STRICT_OBJC_MSGSEND = YES;
				ENABLE_TESTABILITY = YES;
				GCC_C_LANGUAGE_STANDARD = gnu99;
				GCC_DYNAMIC_NO_PIC = NO;
				GCC_NO_COMMON_BLOCKS = YES;
				GCC_OPTIMIZATION_LEVEL = 0;
				GCC_PREPROCESSOR_DEFINITIONS = (
					"DEBUG=1",
					"$(inherited)",
				);
				GCC_WARN_64_TO_32_BIT_CONVERSION = YES;
				GCC_WARN_ABOUT_RETURN_TYPE = YES_ERROR;
				GCC_WARN_UNDECLARED_SELECTOR = YES;
				GCC_WARN_UNINITIALIZED_AUTOS = YES_AGGRESSIVE;
				GCC_WARN_UNUSED_FUNCTION = YES;
				GCC_WARN_UNUSED_VARIABLE = YES;
				MACOSX_DEPLOYMENT_TARGET = 10.12;
				MTL_ENABLE_DEBUG_INFO = YES;
				ONLY_ACTIVE_ARCH = YES;
				SDKROOT = macosx;
				SWIFT_ACTIVE_COMPILATION_CONDITIONS = DEBUG;
				SWIFT_COMPILATION_MODE = singlefile;
				SWIFT_OPTIMIZATION_LEVEL = "-Onone";
			};
			name = Debug;
		};
		384E51BD1DC6B36700FAC6C1 /* Release */ = {
			isa = XCBuildConfiguration;
			buildSettings = {
				ALWAYS_SEARCH_USER_PATHS = NO;
				CLANG_ANALYZER_NONNULL = YES;
				CLANG_CXX_LANGUAGE_STANDARD = "gnu++0x";
				CLANG_CXX_LIBRARY = "libc++";
				CLANG_ENABLE_MODULES = YES;
				CLANG_ENABLE_OBJC_ARC = YES;
				CLANG_WARN_BLOCK_CAPTURE_AUTORELEASING = YES;
				CLANG_WARN_BOOL_CONVERSION = YES;
				CLANG_WARN_COMMA = YES;
				CLANG_WARN_CONSTANT_CONVERSION = YES;
				CLANG_WARN_DEPRECATED_OBJC_IMPLEMENTATIONS = YES;
				CLANG_WARN_DIRECT_OBJC_ISA_USAGE = YES_ERROR;
				CLANG_WARN_DOCUMENTATION_COMMENTS = YES;
				CLANG_WARN_EMPTY_BODY = YES;
				CLANG_WARN_ENUM_CONVERSION = YES;
				CLANG_WARN_INFINITE_RECURSION = YES;
				CLANG_WARN_INT_CONVERSION = YES;
				CLANG_WARN_NON_LITERAL_NULL_CONVERSION = YES;
				CLANG_WARN_OBJC_IMPLICIT_RETAIN_SELF = YES;
				CLANG_WARN_OBJC_LITERAL_CONVERSION = YES;
				CLANG_WARN_OBJC_ROOT_CLASS = YES_ERROR;
				CLANG_WARN_RANGE_LOOP_ANALYSIS = YES;
				CLANG_WARN_STRICT_PROTOTYPES = YES;
				CLANG_WARN_SUSPICIOUS_MOVE = YES;
				CLANG_WARN_SUSPICIOUS_MOVES = YES;
				CLANG_WARN_UNREACHABLE_CODE = YES;
				CLANG_WARN__DUPLICATE_METHOD_MATCH = YES;
				CODE_SIGN_IDENTITY = "-";
				COPY_PHASE_STRIP = NO;
				DEBUG_INFORMATION_FORMAT = "dwarf-with-dsym";
				ENABLE_NS_ASSERTIONS = NO;
				ENABLE_STRICT_OBJC_MSGSEND = YES;
				GCC_C_LANGUAGE_STANDARD = gnu99;
				GCC_NO_COMMON_BLOCKS = YES;
				GCC_WARN_64_TO_32_BIT_CONVERSION = YES;
				GCC_WARN_ABOUT_RETURN_TYPE = YES_ERROR;
				GCC_WARN_UNDECLARED_SELECTOR = YES;
				GCC_WARN_UNINITIALIZED_AUTOS = YES_AGGRESSIVE;
				GCC_WARN_UNUSED_FUNCTION = YES;
				GCC_WARN_UNUSED_VARIABLE = YES;
				MACOSX_DEPLOYMENT_TARGET = 10.12;
				MTL_ENABLE_DEBUG_INFO = NO;
				SDKROOT = macosx;
				SWIFT_COMPILATION_MODE = wholemodule;
				SWIFT_OPTIMIZATION_LEVEL = "-O";
			};
			name = Release;
		};
		384E51BF1DC6B36700FAC6C1 /* Debug */ = {
			isa = XCBuildConfiguration;
			buildSettings = {
				ALWAYS_EMBED_SWIFT_STANDARD_LIBRARIES = YES;
				ASSETCATALOG_COMPILER_APPICON_NAME = AppIcon;
				CODE_SIGN_ENTITLEMENTS = XcodeHelper/XcodeHelper.entitlements;
				CODE_SIGN_IDENTITY = "Mac Developer";
				COMBINE_HIDPI_IMAGES = YES;
				DEFINES_MODULE = YES;
				DEVELOPMENT_TEAM = A43A74F4MB;
				ENABLE_HARDENED_RUNTIME = YES;
				INFOPLIST_FILE = XcodeHelper/Info.plist;
				LD_RUNPATH_SEARCH_PATHS = (
					"$(inherited)",
					"@executable_path/../Frameworks",
				);
				LIBRARY_SEARCH_PATHS = (
					"$(inherited)",
					"$(SDKROOT)/usr/lib/system",
				);
				MACOSX_DEPLOYMENT_TARGET = 10.13;
				PRODUCT_BUNDLE_IDENTIFIER = com.joelsaltzman.XcodeHelper;
				PRODUCT_NAME = "$(TARGET_NAME)";
				SWIFT_INCLUDE_PATHS = "$(PROJECT_DIR)";
				SWIFT_VERSION = 4.2;
			};
			name = Debug;
		};
		384E51C01DC6B36700FAC6C1 /* Release */ = {
			isa = XCBuildConfiguration;
			buildSettings = {
				ALWAYS_EMBED_SWIFT_STANDARD_LIBRARIES = YES;
				ASSETCATALOG_COMPILER_APPICON_NAME = AppIcon;
				CODE_SIGN_ENTITLEMENTS = XcodeHelper/XcodeHelper.entitlements;
				CODE_SIGN_IDENTITY = "Mac Developer";
				COMBINE_HIDPI_IMAGES = YES;
				DEFINES_MODULE = YES;
				DEVELOPMENT_TEAM = A43A74F4MB;
				ENABLE_HARDENED_RUNTIME = YES;
				INFOPLIST_FILE = XcodeHelper/Info.plist;
				LD_RUNPATH_SEARCH_PATHS = (
					"$(inherited)",
					"@executable_path/../Frameworks",
				);
				LIBRARY_SEARCH_PATHS = (
					"$(inherited)",
					"$(SDKROOT)/usr/lib/system",
				);
				MACOSX_DEPLOYMENT_TARGET = 10.13;
				PRODUCT_BUNDLE_IDENTIFIER = com.joelsaltzman.XcodeHelper;
				PRODUCT_NAME = "$(TARGET_NAME)";
				SWIFT_INCLUDE_PATHS = "$(PROJECT_DIR)";
				SWIFT_VERSION = 4.2;
			};
			name = Release;
		};
		384E51C21DC6B36700FAC6C1 /* Debug */ = {
			isa = XCBuildConfiguration;
			buildSettings = {
				ALWAYS_EMBED_SWIFT_STANDARD_LIBRARIES = YES;
				BUNDLE_LOADER = "$(TEST_HOST)";
				CODE_SIGN_IDENTITY = "Mac Developer";
				COMBINE_HIDPI_IMAGES = YES;
				DEVELOPMENT_TEAM = A43A74F4MB;
				INFOPLIST_FILE = XcodeHelperTests/Info.plist;
				LD_RUNPATH_SEARCH_PATHS = (
					"$(inherited)",
					"@executable_path/../Frameworks",
					"@loader_path/../Frameworks",
				);
				MACOSX_DEPLOYMENT_TARGET = 10.13;
				PRODUCT_BUNDLE_IDENTIFIER = com.joelsaltzman.XcodeHelperTests;
				PRODUCT_NAME = "$(TARGET_NAME)";
				SWIFT_VERSION = 4.2;
				TEST_HOST = "$(BUILT_PRODUCTS_DIR)/XcodeHelper.app/Contents/MacOS/XcodeHelper";
			};
			name = Debug;
		};
		384E51C31DC6B36700FAC6C1 /* Release */ = {
			isa = XCBuildConfiguration;
			buildSettings = {
				ALWAYS_EMBED_SWIFT_STANDARD_LIBRARIES = YES;
				BUNDLE_LOADER = "$(TEST_HOST)";
				CODE_SIGN_IDENTITY = "Mac Developer";
				COMBINE_HIDPI_IMAGES = YES;
				DEVELOPMENT_TEAM = A43A74F4MB;
				INFOPLIST_FILE = XcodeHelperTests/Info.plist;
				LD_RUNPATH_SEARCH_PATHS = (
					"$(inherited)",
					"@executable_path/../Frameworks",
					"@loader_path/../Frameworks",
				);
				MACOSX_DEPLOYMENT_TARGET = 10.13;
				PRODUCT_BUNDLE_IDENTIFIER = com.joelsaltzman.XcodeHelperTests;
				PRODUCT_NAME = "$(TARGET_NAME)";
				SWIFT_VERSION = 4.2;
				TEST_HOST = "$(BUILT_PRODUCTS_DIR)/XcodeHelper.app/Contents/MacOS/XcodeHelper";
			};
			name = Release;
		};
		384E51D81DC6B38500FAC6C1 /* Debug */ = {
			isa = XCBuildConfiguration;
			buildSettings = {
				APPLICATION_EXTENSION_API_ONLY = NO;
				CODE_SIGN_ENTITLEMENTS = SourceExtension/SourceExtension.entitlements;
				CODE_SIGN_IDENTITY = "Mac Developer";
				COMBINE_HIDPI_IMAGES = YES;
				DEVELOPMENT_TEAM = A43A74F4MB;
				INFOPLIST_FILE = SourceExtension/Info.plist;
				LD_RUNPATH_SEARCH_PATHS = (
					"$(inherited)",
					"@executable_path/../Frameworks",
					"@executable_path/../../../../Frameworks",
				);
				LIBRARY_SEARCH_PATHS = (
					"$(inherited)",
					"$(SDKROOT)/usr/lib/system",
				);
				MACOSX_DEPLOYMENT_TARGET = 10.13;
				MODULEMAP_FILE = module.modulemap;
				PRODUCT_BUNDLE_IDENTIFIER = com.joelsaltzman.XcodeHelper.SourceExtension;
				PRODUCT_NAME = "Xcode Helper";
				SKIP_INSTALL = YES;
				SWIFT_INCLUDE_PATHS = "$(PROJECT_DIR) $(SDKROOT)/usr/lib";
				SWIFT_VERSION = 4.2;
			};
			name = Debug;
		};
		384E51D91DC6B38500FAC6C1 /* Release */ = {
			isa = XCBuildConfiguration;
			buildSettings = {
				APPLICATION_EXTENSION_API_ONLY = NO;
				CODE_SIGN_ENTITLEMENTS = SourceExtension/SourceExtension.entitlements;
				CODE_SIGN_IDENTITY = "Mac Developer";
				COMBINE_HIDPI_IMAGES = YES;
				DEVELOPMENT_TEAM = A43A74F4MB;
				INFOPLIST_FILE = SourceExtension/Info.plist;
				LD_RUNPATH_SEARCH_PATHS = (
					"$(inherited)",
					"@executable_path/../Frameworks",
					"@executable_path/../../../../Frameworks",
				);
				LIBRARY_SEARCH_PATHS = (
					"$(inherited)",
					"$(SDKROOT)/usr/lib/system",
				);
				MACOSX_DEPLOYMENT_TARGET = 10.13;
				MODULEMAP_FILE = module.modulemap;
				PRODUCT_BUNDLE_IDENTIFIER = com.joelsaltzman.XcodeHelper.SourceExtension;
				PRODUCT_NAME = "Xcode Helper";
				SKIP_INSTALL = YES;
				SWIFT_INCLUDE_PATHS = "$(PROJECT_DIR) $(SDKROOT)/usr/lib";
				SWIFT_VERSION = 4.2;
			};
			name = Release;
		};
		387F2D0C2077F9DF00D93881 /* Debug */ = {
			isa = XCBuildConfiguration;
			buildSettings = {
				ALWAYS_EMBED_SWIFT_STANDARD_LIBRARIES = YES;
				CLANG_ANALYZER_NUMBER_OBJECT_CONVERSION = YES_AGGRESSIVE;
				CLANG_CXX_LANGUAGE_STANDARD = "gnu++14";
				CLANG_ENABLE_MODULES = YES;
				CLANG_ENABLE_OBJC_WEAK = YES;
				CLANG_WARN_UNGUARDED_AVAILABILITY = YES_AGGRESSIVE;
				CODE_SIGN_IDENTITY = "Mac Developer";
				CODE_SIGN_STYLE = Automatic;
				COMBINE_HIDPI_IMAGES = YES;
				DEVELOPMENT_TEAM = A43A74F4MB;
				GCC_C_LANGUAGE_STANDARD = gnu11;
				INFOPLIST_FILE = xchelperxpc/Info.plist;
				LD_RUNPATH_SEARCH_PATHS = (
					"$(inherited)",
					"@executable_path/../Frameworks",
					"@loader_path/../Frameworks",
				);
				LIBRARY_SEARCH_PATHS = (
					"$(inherited)",
					"$(SDKROOT)/usr/lib/system",
				);
				MACOSX_DEPLOYMENT_TARGET = 10.13;
				MODULEMAP_FILE = "$(PROJECT_DIR)/../module.modulemap";
				PRODUCT_BUNDLE_IDENTIFIER = com.joelsaltzman.xchelperxpc;
				PRODUCT_NAME = "$(TARGET_NAME)";
				SKIP_INSTALL = YES;
				SWIFT_INCLUDE_PATHS = "$(PROJECT_DIR)";
				SWIFT_OPTIMIZATION_LEVEL = "-Onone";
				SWIFT_VERSION = 4.2;
			};
			name = Debug;
		};
		387F2D0D2077F9DF00D93881 /* Release */ = {
			isa = XCBuildConfiguration;
			buildSettings = {
				ALWAYS_EMBED_SWIFT_STANDARD_LIBRARIES = YES;
				CLANG_ANALYZER_NUMBER_OBJECT_CONVERSION = YES_AGGRESSIVE;
				CLANG_CXX_LANGUAGE_STANDARD = "gnu++14";
				CLANG_ENABLE_MODULES = YES;
				CLANG_ENABLE_OBJC_WEAK = YES;
				CLANG_WARN_UNGUARDED_AVAILABILITY = YES_AGGRESSIVE;
				CODE_SIGN_IDENTITY = "Mac Developer";
				CODE_SIGN_STYLE = Automatic;
				COMBINE_HIDPI_IMAGES = YES;
				DEVELOPMENT_TEAM = A43A74F4MB;
				GCC_C_LANGUAGE_STANDARD = gnu11;
				INFOPLIST_FILE = xchelperxpc/Info.plist;
				LD_RUNPATH_SEARCH_PATHS = (
					"$(inherited)",
					"@executable_path/../Frameworks",
					"@loader_path/../Frameworks",
				);
				LIBRARY_SEARCH_PATHS = (
					"$(inherited)",
					"$(SDKROOT)/usr/lib/system",
				);
				MACOSX_DEPLOYMENT_TARGET = 10.13;
				MODULEMAP_FILE = "$(PROJECT_DIR)/../module.modulemap";
				PRODUCT_BUNDLE_IDENTIFIER = com.joelsaltzman.xchelperxpc;
				PRODUCT_NAME = "$(TARGET_NAME)";
				SKIP_INSTALL = YES;
				SWIFT_INCLUDE_PATHS = "$(PROJECT_DIR)";
				SWIFT_VERSION = 4.2;
			};
			name = Release;
		};
/* End XCBuildConfiguration section */

/* Begin XCConfigurationList section */
		384E519F1DC6B36700FAC6C1 /* Build configuration list for PBXProject "XcodeHelper" */ = {
			isa = XCConfigurationList;
			buildConfigurations = (
				384E51BC1DC6B36700FAC6C1 /* Debug */,
				384E51BD1DC6B36700FAC6C1 /* Release */,
			);
			defaultConfigurationIsVisible = 0;
			defaultConfigurationName = Release;
		};
		384E51BE1DC6B36700FAC6C1 /* Build configuration list for PBXNativeTarget "XcodeHelper" */ = {
			isa = XCConfigurationList;
			buildConfigurations = (
				384E51BF1DC6B36700FAC6C1 /* Debug */,
				384E51C01DC6B36700FAC6C1 /* Release */,
			);
			defaultConfigurationIsVisible = 0;
			defaultConfigurationName = Release;
		};
		384E51C11DC6B36700FAC6C1 /* Build configuration list for PBXNativeTarget "XcodeHelperTests" */ = {
			isa = XCConfigurationList;
			buildConfigurations = (
				384E51C21DC6B36700FAC6C1 /* Debug */,
				384E51C31DC6B36700FAC6C1 /* Release */,
			);
			defaultConfigurationIsVisible = 0;
			defaultConfigurationName = Release;
		};
		384E51D71DC6B38500FAC6C1 /* Build configuration list for PBXNativeTarget "SourceExtension" */ = {
			isa = XCConfigurationList;
			buildConfigurations = (
				384E51D81DC6B38500FAC6C1 /* Debug */,
				384E51D91DC6B38500FAC6C1 /* Release */,
			);
			defaultConfigurationIsVisible = 0;
			defaultConfigurationName = Release;
		};
		387F2D0B2077F9DF00D93881 /* Build configuration list for PBXNativeTarget "xchelperxpc" */ = {
			isa = XCConfigurationList;
			buildConfigurations = (
				387F2D0C2077F9DF00D93881 /* Debug */,
				387F2D0D2077F9DF00D93881 /* Release */,
			);
			defaultConfigurationIsVisible = 0;
			defaultConfigurationName = Release;
		};
/* End XCConfigurationList section */
	};
	rootObject = 384E519C1DC6B36700FAC6C1 /* Project object */;
}
