// !$*UTF8*$!
{
	archiveVersion = 1;
	classes = {
	};
	objectVersion = 46;
	objects = {

/* Begin PBXBuildFile section */
		381E29F71E544DDB00557BB1 /* XCTargetTests.swift in Sources */ = {isa = PBXBuildFile; fileRef = 381E29F61E544DDB00557BB1 /* XCTargetTests.swift */; };
		381E29F91E560A9300557BB1 /* XcodeViewModel.swift in Sources */ = {isa = PBXBuildFile; fileRef = 381E29F81E560A9300557BB1 /* XcodeViewModel.swift */; };
		381EF0E71E73092B008A3717 /* TargetSettingsViewController.swift in Sources */ = {isa = PBXBuildFile; fileRef = 381EF0E61E73092B008A3717 /* TargetSettingsViewController.swift */; };
		3836A7601E38A3BE0098CE9A /* XCProject.swift in Sources */ = {isa = PBXBuildFile; fileRef = 3836A75F1E38A3BE0098CE9A /* XCProject.swift */; };
		3836A7621E38A3C70098CE9A /* XCWorkspace.swift in Sources */ = {isa = PBXBuildFile; fileRef = 3836A7611E38A3C70098CE9A /* XCWorkspace.swift */; };
		3836A7641E38A3FF0098CE9A /* XCDocumentable.swift in Sources */ = {isa = PBXBuildFile; fileRef = 3836A7631E38A3FF0098CE9A /* XCDocumentable.swift */; };
		3836A7661E3B302B0098CE9A /* XCWorkspaceTests.swift in Sources */ = {isa = PBXBuildFile; fileRef = 3836A7651E3B302B0098CE9A /* XCWorkspaceTests.swift */; };
		384E51A81DC6B36700FAC6C1 /* AppDelegate.swift in Sources */ = {isa = PBXBuildFile; fileRef = 384E51A71DC6B36700FAC6C1 /* AppDelegate.swift */; };
		384E51AA1DC6B36700FAC6C1 /* TargetsViewController.swift in Sources */ = {isa = PBXBuildFile; fileRef = 384E51A91DC6B36700FAC6C1 /* TargetsViewController.swift */; };
		384E51AC1DC6B36700FAC6C1 /* Assets.xcassets in Resources */ = {isa = PBXBuildFile; fileRef = 384E51AB1DC6B36700FAC6C1 /* Assets.xcassets */; };
		384E51AF1DC6B36700FAC6C1 /* Main.storyboard in Resources */ = {isa = PBXBuildFile; fileRef = 384E51AD1DC6B36700FAC6C1 /* Main.storyboard */; };
		384E51BA1DC6B36700FAC6C1 /* XcodeHelperTestCase.swift in Sources */ = {isa = PBXBuildFile; fileRef = 384E51B91DC6B36700FAC6C1 /* XcodeHelperTestCase.swift */; };
		384E51CB1DC6B38500FAC6C1 /* Cocoa.framework in Frameworks */ = {isa = PBXBuildFile; fileRef = 384E51CA1DC6B38500FAC6C1 /* Cocoa.framework */; };
		384E51D01DC6B38500FAC6C1 /* SourceEditorExtension.swift in Sources */ = {isa = PBXBuildFile; fileRef = 384E51CF1DC6B38500FAC6C1 /* SourceEditorExtension.swift */; };
		384E51D21DC6B38500FAC6C1 /* SourceEditorCommand.swift in Sources */ = {isa = PBXBuildFile; fileRef = 384E51D11DC6B38500FAC6C1 /* SourceEditorCommand.swift */; };
		384E51D61DC6B38500FAC6C1 /* Xcode Helper.appex in Embed App Extensions */ = {isa = PBXBuildFile; fileRef = 384E51C81DC6B38500FAC6C1 /* Xcode Helper.appex */; settings = {ATTRIBUTES = (RemoveHeadersOnCopy, ); }; };
		384E51DC1DC6B3DA00FAC6C1 /* GetCurrentDocument.scpt in Resources */ = {isa = PBXBuildFile; fileRef = 384E51DB1DC6B3DA00FAC6C1 /* GetCurrentDocument.scpt */; };
		384E51DD1DC6B3DA00FAC6C1 /* GetCurrentDocument.scpt in Resources */ = {isa = PBXBuildFile; fileRef = 384E51DB1DC6B3DA00FAC6C1 /* GetCurrentDocument.scpt */; };
		3857C25D1E6C68E100731BE7 /* XcodeTests.swift in Sources */ = {isa = PBXBuildFile; fileRef = 3857C25C1E6C68E100731BE7 /* XcodeTests.swift */; };
		3857C25F1E6C76DE00731BE7 /* XCDocumentableTests.swift in Sources */ = {isa = PBXBuildFile; fileRef = 3857C25E1E6C76DE00731BE7 /* XCDocumentableTests.swift */; };
		388739C41EE50BA7003B6106 /* PreferenceTests.swift in Sources */ = {isa = PBXBuildFile; fileRef = 388739C31EE50BA7003B6106 /* PreferenceTests.swift */; };
		3887BA7E1FB94E33007A9135 /* CliRunnable.framework in Frameworks */ = {isa = PBXBuildFile; fileRef = 3887BA771FB94E27007A9135 /* CliRunnable.framework */; };
		3887BA7F1FB94E33007A9135 /* DockerProcess.framework in Frameworks */ = {isa = PBXBuildFile; fileRef = 3887BA7B1FB94E27007A9135 /* DockerProcess.framework */; };
		3887BA801FB94E33007A9135 /* ProcessRunner.framework in Frameworks */ = {isa = PBXBuildFile; fileRef = 3887BA7D1FB94E27007A9135 /* ProcessRunner.framework */; };
		3887BA811FB94E33007A9135 /* S3Kit.framework in Frameworks */ = {isa = PBXBuildFile; fileRef = 3887BA751FB94E27007A9135 /* S3Kit.framework */; };
		3887BA821FB94E33007A9135 /* XcodeHelperCliKit.framework in Frameworks */ = {isa = PBXBuildFile; fileRef = 3887BA711FB94E27007A9135 /* XcodeHelperCliKit.framework */; };
		3887BA831FB94E33007A9135 /* XcodeHelperKit.framework in Frameworks */ = {isa = PBXBuildFile; fileRef = 3887BA731FB94E27007A9135 /* XcodeHelperKit.framework */; };
		3887BA841FB94E33007A9135 /* Yaml.framework in Frameworks */ = {isa = PBXBuildFile; fileRef = 3887BA791FB94E27007A9135 /* Yaml.framework */; };
		3887BA891FBDEB92007A9135 /* NSView+Extensions.swift in Sources */ = {isa = PBXBuildFile; fileRef = 3887BA881FBDEB92007A9135 /* NSView+Extensions.swift */; };
		389D2D3F1E33E0480034E802 /* Command.swift in Sources */ = {isa = PBXBuildFile; fileRef = 389D2D3E1E33E0480034E802 /* Command.swift */; };
		389D2D401E33E0480034E802 /* Command.swift in Sources */ = {isa = PBXBuildFile; fileRef = 389D2D3E1E33E0480034E802 /* Command.swift */; };
		38A7D48D1F0D30B900213122 /* ConfigController.swift in Sources */ = {isa = PBXBuildFile; fileRef = 38A7D48C1F0D30B900213122 /* ConfigController.swift */; };
		38DC32711EDD02660095F5DA /* ProcessRunner.framework in Frameworks */ = {isa = PBXBuildFile; fileRef = 38DC32701EDD02660095F5DA /* ProcessRunner.framework */; };
		38DFD6C91E2AB8F300C3D931 /* StatusMenuController.swift in Sources */ = {isa = PBXBuildFile; fileRef = 38DFD6C81E2AB8F300C3D931 /* StatusMenuController.swift */; };
		38E66AF61E65DD1A00B6C75C /* FileManagerExtension.swift in Sources */ = {isa = PBXBuildFile; fileRef = 38E66AF51E65DD1A00B6C75C /* FileManagerExtension.swift */; };
		38E66B001E66475100B6C75C /* XcodeViewModelTests.swift in Sources */ = {isa = PBXBuildFile; fileRef = 38E66AFF1E66475100B6C75C /* XcodeViewModelTests.swift */; };
		38E7A2AA1E3FA463007EA9A6 /* XCProjectTests.swift in Sources */ = {isa = PBXBuildFile; fileRef = 38E7A2A91E3FA463007EA9A6 /* XCProjectTests.swift */; };
		38E8F74B1E468FBF00097EEC /* TargetListController.swift in Sources */ = {isa = PBXBuildFile; fileRef = 38E8F74A1E468FBF00097EEC /* TargetListController.swift */; };
		38E8F7951E471AF400097EEC /* TargetListControllerTests.swift in Sources */ = {isa = PBXBuildFile; fileRef = 38E8F7941E471AF400097EEC /* TargetListControllerTests.swift */; };
		38E8F7971E48093B00097EEC /* XCTarget.swift in Sources */ = {isa = PBXBuildFile; fileRef = 38E8F7961E48093B00097EEC /* XCTarget.swift */; };
		38E8F79A1E4813BD00097EEC /* CollectionExtension.swift in Sources */ = {isa = PBXBuildFile; fileRef = 38E8F7991E4813BD00097EEC /* CollectionExtension.swift */; };
		38EEE9201E352D7900779CB9 /* Xcode.swift in Sources */ = {isa = PBXBuildFile; fileRef = 38EEE91F1E352D7900779CB9 /* Xcode.swift */; };
/* End PBXBuildFile section */

/* Begin PBXContainerItemProxy section */
		384E51B61DC6B36700FAC6C1 /* PBXContainerItemProxy */ = {
			isa = PBXContainerItemProxy;
			containerPortal = 384E519C1DC6B36700FAC6C1 /* Project object */;
			proxyType = 1;
			remoteGlobalIDString = 384E51A31DC6B36700FAC6C1;
			remoteInfo = XcodeHelper;
		};
		384E51D41DC6B38500FAC6C1 /* PBXContainerItemProxy */ = {
			isa = PBXContainerItemProxy;
			containerPortal = 384E519C1DC6B36700FAC6C1 /* Project object */;
			proxyType = 1;
			remoteGlobalIDString = 384E51C71DC6B38500FAC6C1;
			remoteInfo = SourceExtension;
		};
		3887BA6E1FB94E27007A9135 /* PBXContainerItemProxy */ = {
			isa = PBXContainerItemProxy;
			containerPortal = 3887BA5B1FB94E27007A9135 /* XcodeHelperCliKit.xcodeproj */;
			proxyType = 2;
			remoteGlobalIDString = "XcodeHelperCliKit::XcodeHelperCliKitTests::Product";
			remoteInfo = XcodeHelperCliKitTests;
		};
		3887BA701FB94E27007A9135 /* PBXContainerItemProxy */ = {
			isa = PBXContainerItemProxy;
			containerPortal = 3887BA5B1FB94E27007A9135 /* XcodeHelperCliKit.xcodeproj */;
			proxyType = 2;
			remoteGlobalIDString = "XcodeHelperCliKit::XcodeHelperCliKit::Product";
			remoteInfo = XcodeHelperCliKit;
		};
		3887BA721FB94E27007A9135 /* PBXContainerItemProxy */ = {
			isa = PBXContainerItemProxy;
			containerPortal = 3887BA5B1FB94E27007A9135 /* XcodeHelperCliKit.xcodeproj */;
			proxyType = 2;
			remoteGlobalIDString = "XcodeHelperKit::XcodeHelperKit::Product";
			remoteInfo = XcodeHelperKit;
		};
		3887BA741FB94E27007A9135 /* PBXContainerItemProxy */ = {
			isa = PBXContainerItemProxy;
			containerPortal = 3887BA5B1FB94E27007A9135 /* XcodeHelperCliKit.xcodeproj */;
			proxyType = 2;
			remoteGlobalIDString = "S3Kit::S3Kit::Product";
			remoteInfo = S3Kit;
		};
		3887BA761FB94E27007A9135 /* PBXContainerItemProxy */ = {
			isa = PBXContainerItemProxy;
			containerPortal = 3887BA5B1FB94E27007A9135 /* XcodeHelperCliKit.xcodeproj */;
			proxyType = 2;
			remoteGlobalIDString = "CliRunnable::CliRunnable::Product";
			remoteInfo = CliRunnable;
		};
		3887BA781FB94E27007A9135 /* PBXContainerItemProxy */ = {
			isa = PBXContainerItemProxy;
			containerPortal = 3887BA5B1FB94E27007A9135 /* XcodeHelperCliKit.xcodeproj */;
			proxyType = 2;
			remoteGlobalIDString = "Yaml::Yaml::Product";
			remoteInfo = Yaml;
		};
		3887BA7A1FB94E27007A9135 /* PBXContainerItemProxy */ = {
			isa = PBXContainerItemProxy;
			containerPortal = 3887BA5B1FB94E27007A9135 /* XcodeHelperCliKit.xcodeproj */;
			proxyType = 2;
			remoteGlobalIDString = "DockerProcess::DockerProcess::Product";
			remoteInfo = DockerProcess;
		};
		3887BA7C1FB94E27007A9135 /* PBXContainerItemProxy */ = {
			isa = PBXContainerItemProxy;
			containerPortal = 3887BA5B1FB94E27007A9135 /* XcodeHelperCliKit.xcodeproj */;
			proxyType = 2;
			remoteGlobalIDString = "ProcessRunner::ProcessRunner::Product";
			remoteInfo = ProcessRunner;
		};
/* End PBXContainerItemProxy section */

/* Begin PBXCopyFilesBuildPhase section */
		384E51DA1DC6B38500FAC6C1 /* Embed App Extensions */ = {
			isa = PBXCopyFilesBuildPhase;
			buildActionMask = 2147483647;
			dstPath = "";
			dstSubfolderSpec = 13;
			files = (
				384E51D61DC6B38500FAC6C1 /* Xcode Helper.appex in Embed App Extensions */,
			);
			name = "Embed App Extensions";
			runOnlyForDeploymentPostprocessing = 0;
		};
		38DFD6BC1E2AB28100C3D931 /* CopyFiles */ = {
			isa = PBXCopyFilesBuildPhase;
			buildActionMask = 2147483647;
			dstPath = "";
			dstSubfolderSpec = 10;
			files = (
			);
			runOnlyForDeploymentPostprocessing = 0;
		};
/* End PBXCopyFilesBuildPhase section */

/* Begin PBXFileReference section */
		380B81621E269262003E0951 /* Defaultable.swift */ = {isa = PBXFileReference; fileEncoding = 4; lastKnownFileType = sourcecode.swift; path = Defaultable.swift; sourceTree = "<group>"; };
		381E29F61E544DDB00557BB1 /* XCTargetTests.swift */ = {isa = PBXFileReference; fileEncoding = 4; lastKnownFileType = sourcecode.swift; path = XCTargetTests.swift; sourceTree = "<group>"; };
		381E29F81E560A9300557BB1 /* XcodeViewModel.swift */ = {isa = PBXFileReference; fileEncoding = 4; lastKnownFileType = sourcecode.swift; path = XcodeViewModel.swift; sourceTree = "<group>"; };
		381EF0E61E73092B008A3717 /* TargetSettingsViewController.swift */ = {isa = PBXFileReference; fileEncoding = 4; lastKnownFileType = sourcecode.swift; path = TargetSettingsViewController.swift; sourceTree = "<group>"; };
		3836A75F1E38A3BE0098CE9A /* XCProject.swift */ = {isa = PBXFileReference; fileEncoding = 4; lastKnownFileType = sourcecode.swift; path = XCProject.swift; sourceTree = "<group>"; };
		3836A7611E38A3C70098CE9A /* XCWorkspace.swift */ = {isa = PBXFileReference; fileEncoding = 4; lastKnownFileType = sourcecode.swift; path = XCWorkspace.swift; sourceTree = "<group>"; };
		3836A7631E38A3FF0098CE9A /* XCDocumentable.swift */ = {isa = PBXFileReference; fileEncoding = 4; lastKnownFileType = sourcecode.swift; path = XCDocumentable.swift; sourceTree = "<group>"; };
		3836A7651E3B302B0098CE9A /* XCWorkspaceTests.swift */ = {isa = PBXFileReference; fileEncoding = 4; lastKnownFileType = sourcecode.swift; path = XCWorkspaceTests.swift; sourceTree = "<group>"; };
		384E51A41DC6B36700FAC6C1 /* XcodeHelper.app */ = {isa = PBXFileReference; explicitFileType = wrapper.application; includeInIndex = 0; path = XcodeHelper.app; sourceTree = BUILT_PRODUCTS_DIR; };
		384E51A71DC6B36700FAC6C1 /* AppDelegate.swift */ = {isa = PBXFileReference; lastKnownFileType = sourcecode.swift; path = AppDelegate.swift; sourceTree = "<group>"; };
		384E51A91DC6B36700FAC6C1 /* TargetsViewController.swift */ = {isa = PBXFileReference; lastKnownFileType = sourcecode.swift; path = TargetsViewController.swift; sourceTree = "<group>"; };
		384E51AB1DC6B36700FAC6C1 /* Assets.xcassets */ = {isa = PBXFileReference; lastKnownFileType = folder.assetcatalog; path = Assets.xcassets; sourceTree = "<group>"; };
		384E51AE1DC6B36700FAC6C1 /* Base */ = {isa = PBXFileReference; lastKnownFileType = file.storyboard; name = Base; path = Base.lproj/Main.storyboard; sourceTree = "<group>"; };
		384E51B01DC6B36700FAC6C1 /* Info.plist */ = {isa = PBXFileReference; lastKnownFileType = text.plist.xml; path = Info.plist; sourceTree = "<group>"; };
		384E51B51DC6B36700FAC6C1 /* XcodeHelperTests.xctest */ = {isa = PBXFileReference; explicitFileType = wrapper.cfbundle; includeInIndex = 0; path = XcodeHelperTests.xctest; sourceTree = BUILT_PRODUCTS_DIR; };
		384E51B91DC6B36700FAC6C1 /* XcodeHelperTestCase.swift */ = {isa = PBXFileReference; lastKnownFileType = sourcecode.swift; path = XcodeHelperTestCase.swift; sourceTree = "<group>"; };
		384E51BB1DC6B36700FAC6C1 /* Info.plist */ = {isa = PBXFileReference; lastKnownFileType = text.plist.xml; path = Info.plist; sourceTree = "<group>"; };
		384E51C81DC6B38500FAC6C1 /* Xcode Helper.appex */ = {isa = PBXFileReference; explicitFileType = "wrapper.app-extension"; includeInIndex = 0; path = "Xcode Helper.appex"; sourceTree = BUILT_PRODUCTS_DIR; };
		384E51CA1DC6B38500FAC6C1 /* Cocoa.framework */ = {isa = PBXFileReference; lastKnownFileType = wrapper.framework; name = Cocoa.framework; path = System/Library/Frameworks/Cocoa.framework; sourceTree = SDKROOT; };
		384E51CE1DC6B38500FAC6C1 /* SourceExtension.entitlements */ = {isa = PBXFileReference; lastKnownFileType = text.plist.entitlements; path = SourceExtension.entitlements; sourceTree = "<group>"; };
		384E51CF1DC6B38500FAC6C1 /* SourceEditorExtension.swift */ = {isa = PBXFileReference; lastKnownFileType = sourcecode.swift; path = SourceEditorExtension.swift; sourceTree = "<group>"; };
		384E51D11DC6B38500FAC6C1 /* SourceEditorCommand.swift */ = {isa = PBXFileReference; lastKnownFileType = sourcecode.swift; path = SourceEditorCommand.swift; sourceTree = "<group>"; };
		384E51D31DC6B38500FAC6C1 /* Info.plist */ = {isa = PBXFileReference; lastKnownFileType = text.plist.xml; path = Info.plist; sourceTree = "<group>"; };
		384E51DB1DC6B3DA00FAC6C1 /* GetCurrentDocument.scpt */ = {isa = PBXFileReference; fileEncoding = 4; lastKnownFileType = text.script.sh; path = GetCurrentDocument.scpt; sourceTree = "<group>"; };
		3857C25C1E6C68E100731BE7 /* XcodeTests.swift */ = {isa = PBXFileReference; fileEncoding = 4; lastKnownFileType = sourcecode.swift; path = XcodeTests.swift; sourceTree = "<group>"; };
		3857C25E1E6C76DE00731BE7 /* XCDocumentableTests.swift */ = {isa = PBXFileReference; fileEncoding = 4; lastKnownFileType = sourcecode.swift; path = XCDocumentableTests.swift; sourceTree = "<group>"; };
		387BF3881DC6F07200318807 /* XcodeHelper.entitlements */ = {isa = PBXFileReference; lastKnownFileType = text.plist.entitlements; path = XcodeHelper.entitlements; sourceTree = "<group>"; };
		388739C31EE50BA7003B6106 /* PreferenceTests.swift */ = {isa = PBXFileReference; fileEncoding = 4; lastKnownFileType = sourcecode.swift; path = PreferenceTests.swift; sourceTree = "<group>"; };
		3887BA5B1FB94E27007A9135 /* XcodeHelperCliKit.xcodeproj */ = {isa = PBXFileReference; lastKnownFileType = "wrapper.pb-project"; name = XcodeHelperCliKit.xcodeproj; path = ../XcodeHelperCli/XcodeHelperCliKit.xcodeproj; sourceTree = "<group>"; };
		3887BA851FB94ECA007A9135 /* module.modulemap */ = {isa = PBXFileReference; lastKnownFileType = "sourcecode.module-map"; path = module.modulemap; sourceTree = "<group>"; };
		3887BA861FB94ED7007A9135 /* libcommonCrypto.tbd */ = {isa = PBXFileReference; lastKnownFileType = "sourcecode.text-based-dylib-definition"; name = libcommonCrypto.tbd; path = usr/lib/system/libcommonCrypto.tbd; sourceTree = SDKROOT; };
		3887BA881FBDEB92007A9135 /* NSView+Extensions.swift */ = {isa = PBXFileReference; lastKnownFileType = sourcecode.swift; path = "NSView+Extensions.swift"; sourceTree = "<group>"; };
		389D2D3E1E33E0480034E802 /* Command.swift */ = {isa = PBXFileReference; fileEncoding = 4; lastKnownFileType = sourcecode.swift; path = Command.swift; sourceTree = "<group>"; };
		38A7D48C1F0D30B900213122 /* ConfigController.swift */ = {isa = PBXFileReference; lastKnownFileType = sourcecode.swift; path = ConfigController.swift; sourceTree = "<group>"; };
		38DC32701EDD02660095F5DA /* ProcessRunner.framework */ = {isa = PBXFileReference; lastKnownFileType = wrapper.framework; name = ProcessRunner.framework; path = "../../../Library/Developer/Xcode/DerivedData/XcodeHelper-bnycykzuhbgssghgkzpuxjdzlecf/Build/Products/Debug/ProcessRunner.framework"; sourceTree = "<group>"; };
		38DC32721EDD02830095F5DA /* ProcessRunner.framework */ = {isa = PBXFileReference; lastKnownFileType = wrapper.framework; name = ProcessRunner.framework; path = ../XcodeHelperKit/build/Release/ProcessRunner.framework; sourceTree = "<group>"; };
		38DFD6C81E2AB8F300C3D931 /* StatusMenuController.swift */ = {isa = PBXFileReference; fileEncoding = 4; lastKnownFileType = sourcecode.swift; path = StatusMenuController.swift; sourceTree = "<group>"; };
		38E66AF51E65DD1A00B6C75C /* FileManagerExtension.swift */ = {isa = PBXFileReference; fileEncoding = 4; lastKnownFileType = sourcecode.swift; path = FileManagerExtension.swift; sourceTree = "<group>"; };
		38E66AFF1E66475100B6C75C /* XcodeViewModelTests.swift */ = {isa = PBXFileReference; fileEncoding = 4; lastKnownFileType = sourcecode.swift; path = XcodeViewModelTests.swift; sourceTree = "<group>"; };
		38E7A2A91E3FA463007EA9A6 /* XCProjectTests.swift */ = {isa = PBXFileReference; fileEncoding = 4; lastKnownFileType = sourcecode.swift; path = XCProjectTests.swift; sourceTree = "<group>"; };
		38E8F74A1E468FBF00097EEC /* TargetListController.swift */ = {isa = PBXFileReference; fileEncoding = 4; lastKnownFileType = sourcecode.swift; path = TargetListController.swift; sourceTree = "<group>"; };
		38E8F7941E471AF400097EEC /* TargetListControllerTests.swift */ = {isa = PBXFileReference; fileEncoding = 4; lastKnownFileType = sourcecode.swift; path = TargetListControllerTests.swift; sourceTree = "<group>"; };
		38E8F7961E48093B00097EEC /* XCTarget.swift */ = {isa = PBXFileReference; fileEncoding = 4; lastKnownFileType = sourcecode.swift; path = XCTarget.swift; sourceTree = "<group>"; };
		38E8F7991E4813BD00097EEC /* CollectionExtension.swift */ = {isa = PBXFileReference; fileEncoding = 4; lastKnownFileType = sourcecode.swift; path = CollectionExtension.swift; sourceTree = "<group>"; };
		38EEE91F1E352D7900779CB9 /* Xcode.swift */ = {isa = PBXFileReference; fileEncoding = 4; lastKnownFileType = sourcecode.swift; path = Xcode.swift; sourceTree = "<group>"; };
/* End PBXFileReference section */

/* Begin PBXFrameworksBuildPhase section */
		384E51A11DC6B36700FAC6C1 /* Frameworks */ = {
			isa = PBXFrameworksBuildPhase;
			buildActionMask = 2147483647;
			files = (
				3887BA7E1FB94E33007A9135 /* CliRunnable.framework in Frameworks */,
				3887BA7F1FB94E33007A9135 /* DockerProcess.framework in Frameworks */,
				3887BA801FB94E33007A9135 /* ProcessRunner.framework in Frameworks */,
				3887BA811FB94E33007A9135 /* S3Kit.framework in Frameworks */,
				3887BA821FB94E33007A9135 /* XcodeHelperCliKit.framework in Frameworks */,
				3887BA831FB94E33007A9135 /* XcodeHelperKit.framework in Frameworks */,
				3887BA841FB94E33007A9135 /* Yaml.framework in Frameworks */,
			);
			runOnlyForDeploymentPostprocessing = 0;
		};
		384E51B21DC6B36700FAC6C1 /* Frameworks */ = {
			isa = PBXFrameworksBuildPhase;
			buildActionMask = 2147483647;
			files = (
				38DC32711EDD02660095F5DA /* ProcessRunner.framework in Frameworks */,
			);
			runOnlyForDeploymentPostprocessing = 0;
		};
		384E51C51DC6B38500FAC6C1 /* Frameworks */ = {
			isa = PBXFrameworksBuildPhase;
			buildActionMask = 2147483647;
			files = (
				384E51CB1DC6B38500FAC6C1 /* Cocoa.framework in Frameworks */,
			);
			runOnlyForDeploymentPostprocessing = 0;
		};
/* End PBXFrameworksBuildPhase section */

/* Begin PBXGroup section */
		384E519B1DC6B36700FAC6C1 = {
			isa = PBXGroup;
			children = (
				3887BA851FB94ECA007A9135 /* module.modulemap */,
				3887BA5B1FB94E27007A9135 /* XcodeHelperCliKit.xcodeproj */,
				384E51A61DC6B36700FAC6C1 /* XcodeHelper */,
				384E51B81DC6B36700FAC6C1 /* XcodeHelperTests */,
				384E51CC1DC6B38500FAC6C1 /* SourceExtension */,
				384E51C91DC6B38500FAC6C1 /* Frameworks */,
				384E51A51DC6B36700FAC6C1 /* Products */,
			);
			sourceTree = "<group>";
		};
		384E51A51DC6B36700FAC6C1 /* Products */ = {
			isa = PBXGroup;
			children = (
				384E51A41DC6B36700FAC6C1 /* XcodeHelper.app */,
				384E51B51DC6B36700FAC6C1 /* XcodeHelperTests.xctest */,
				384E51C81DC6B38500FAC6C1 /* Xcode Helper.appex */,
			);
			name = Products;
			sourceTree = "<group>";
		};
		384E51A61DC6B36700FAC6C1 /* XcodeHelper */ = {
			isa = PBXGroup;
			children = (
				387BF3881DC6F07200318807 /* XcodeHelper.entitlements */,
				384E51A71DC6B36700FAC6C1 /* AppDelegate.swift */,
				389D2D3E1E33E0480034E802 /* Command.swift */,
				38DFD6C81E2AB8F300C3D931 /* StatusMenuController.swift */,
				38A7D48C1F0D30B900213122 /* ConfigController.swift */,
				380B81621E269262003E0951 /* Defaultable.swift */,
				38E8F7981E4813AC00097EEC /* Extensions */,
				38E8F7491E468F0C00097EEC /* Targets */,
				3853F83E1E64BD4300A39C1A /* Settings */,
				3853F83D1E64BD3100A39C1A /* Xcode */,
				384E51AB1DC6B36700FAC6C1 /* Assets.xcassets */,
				384E51AD1DC6B36700FAC6C1 /* Main.storyboard */,
				384E51B01DC6B36700FAC6C1 /* Info.plist */,
			);
			path = XcodeHelper;
			sourceTree = "<group>";
		};
		384E51B81DC6B36700FAC6C1 /* XcodeHelperTests */ = {
			isa = PBXGroup;
			children = (
				384E51B91DC6B36700FAC6C1 /* XcodeHelperTestCase.swift */,
				3836A7651E3B302B0098CE9A /* XCWorkspaceTests.swift */,
				38E7A2A91E3FA463007EA9A6 /* XCProjectTests.swift */,
				381E29F61E544DDB00557BB1 /* XCTargetTests.swift */,
				38E8F7941E471AF400097EEC /* TargetListControllerTests.swift */,
				38E66AFF1E66475100B6C75C /* XcodeViewModelTests.swift */,
				3857C25C1E6C68E100731BE7 /* XcodeTests.swift */,
				3857C25E1E6C76DE00731BE7 /* XCDocumentableTests.swift */,
				388739C31EE50BA7003B6106 /* PreferenceTests.swift */,
				384E51BB1DC6B36700FAC6C1 /* Info.plist */,
			);
			path = XcodeHelperTests;
			sourceTree = "<group>";
		};
		384E51C91DC6B38500FAC6C1 /* Frameworks */ = {
			isa = PBXGroup;
			children = (
				3887BA861FB94ED7007A9135 /* libcommonCrypto.tbd */,
				38DC32721EDD02830095F5DA /* ProcessRunner.framework */,
				38DC32701EDD02660095F5DA /* ProcessRunner.framework */,
				384E51CA1DC6B38500FAC6C1 /* Cocoa.framework */,
			);
			name = Frameworks;
			sourceTree = "<group>";
		};
		384E51CC1DC6B38500FAC6C1 /* SourceExtension */ = {
			isa = PBXGroup;
			children = (
				384E51CF1DC6B38500FAC6C1 /* SourceEditorExtension.swift */,
				384E51D11DC6B38500FAC6C1 /* SourceEditorCommand.swift */,
				384E51D31DC6B38500FAC6C1 /* Info.plist */,
				384E51CD1DC6B38500FAC6C1 /* Supporting Files */,
				384E51DB1DC6B3DA00FAC6C1 /* GetCurrentDocument.scpt */,
			);
			path = SourceExtension;
			sourceTree = "<group>";
		};
		384E51CD1DC6B38500FAC6C1 /* Supporting Files */ = {
			isa = PBXGroup;
			children = (
				384E51CE1DC6B38500FAC6C1 /* SourceExtension.entitlements */,
			);
			name = "Supporting Files";
			sourceTree = "<group>";
		};
		3853F83D1E64BD3100A39C1A /* Xcode */ = {
			isa = PBXGroup;
			children = (
				38EEE91F1E352D7900779CB9 /* Xcode.swift */,
				3836A7631E38A3FF0098CE9A /* XCDocumentable.swift */,
				3836A7611E38A3C70098CE9A /* XCWorkspace.swift */,
				3836A75F1E38A3BE0098CE9A /* XCProject.swift */,
				38E8F7961E48093B00097EEC /* XCTarget.swift */,
			);
			name = Xcode;
			sourceTree = "<group>";
		};
		3853F83E1E64BD4300A39C1A /* Settings */ = {
			isa = PBXGroup;
			children = (
				381EF0E61E73092B008A3717 /* TargetSettingsViewController.swift */,
			);
			name = Settings;
			sourceTree = "<group>";
		};
		3887BA5C1FB94E27007A9135 /* Products */ = {
			isa = PBXGroup;
			children = (
				3887BA6F1FB94E27007A9135 /* XcodeHelperCliKitTests.xctest */,
				3887BA711FB94E27007A9135 /* XcodeHelperCliKit.framework */,
				3887BA731FB94E27007A9135 /* XcodeHelperKit.framework */,
				3887BA751FB94E27007A9135 /* S3Kit.framework */,
				3887BA771FB94E27007A9135 /* CliRunnable.framework */,
				3887BA791FB94E27007A9135 /* Yaml.framework */,
				3887BA7B1FB94E27007A9135 /* DockerProcess.framework */,
				3887BA7D1FB94E27007A9135 /* ProcessRunner.framework */,
			);
			name = Products;
			sourceTree = "<group>";
		};
		38E8F7491E468F0C00097EEC /* Targets */ = {
			isa = PBXGroup;
			children = (
				381E29F81E560A9300557BB1 /* XcodeViewModel.swift */,
				384E51A91DC6B36700FAC6C1 /* TargetsViewController.swift */,
				38E8F74A1E468FBF00097EEC /* TargetListController.swift */,
			);
			name = Targets;
			sourceTree = "<group>";
		};
		38E8F7981E4813AC00097EEC /* Extensions */ = {
			isa = PBXGroup;
			children = (
				38E8F7991E4813BD00097EEC /* CollectionExtension.swift */,
				38E66AF51E65DD1A00B6C75C /* FileManagerExtension.swift */,
				3887BA881FBDEB92007A9135 /* NSView+Extensions.swift */,
			);
			name = Extensions;
			sourceTree = "<group>";
		};
/* End PBXGroup section */

/* Begin PBXNativeTarget section */
		384E51A31DC6B36700FAC6C1 /* XcodeHelper */ = {
			isa = PBXNativeTarget;
			buildConfigurationList = 384E51BE1DC6B36700FAC6C1 /* Build configuration list for PBXNativeTarget "XcodeHelper" */;
			buildPhases = (
				384E51A01DC6B36700FAC6C1 /* Sources */,
				384E51A11DC6B36700FAC6C1 /* Frameworks */,
				384E51A21DC6B36700FAC6C1 /* Resources */,
				384E51DA1DC6B38500FAC6C1 /* Embed App Extensions */,
				38DFD6BC1E2AB28100C3D931 /* CopyFiles */,
			);
			buildRules = (
			);
			dependencies = (
				384E51D51DC6B38500FAC6C1 /* PBXTargetDependency */,
			);
			name = XcodeHelper;
			productName = XcodeHelper;
			productReference = 384E51A41DC6B36700FAC6C1 /* XcodeHelper.app */;
			productType = "com.apple.product-type.application";
		};
		384E51B41DC6B36700FAC6C1 /* XcodeHelperTests */ = {
			isa = PBXNativeTarget;
			buildConfigurationList = 384E51C11DC6B36700FAC6C1 /* Build configuration list for PBXNativeTarget "XcodeHelperTests" */;
			buildPhases = (
				384E51B11DC6B36700FAC6C1 /* Sources */,
				384E51B21DC6B36700FAC6C1 /* Frameworks */,
				384E51B31DC6B36700FAC6C1 /* Resources */,
			);
			buildRules = (
			);
			dependencies = (
				384E51B71DC6B36700FAC6C1 /* PBXTargetDependency */,
			);
			name = XcodeHelperTests;
			productName = XcodeHelperTests;
			productReference = 384E51B51DC6B36700FAC6C1 /* XcodeHelperTests.xctest */;
			productType = "com.apple.product-type.bundle.unit-test";
		};
		384E51C71DC6B38500FAC6C1 /* SourceExtension */ = {
			isa = PBXNativeTarget;
			buildConfigurationList = 384E51D71DC6B38500FAC6C1 /* Build configuration list for PBXNativeTarget "SourceExtension" */;
			buildPhases = (
				384E51C41DC6B38500FAC6C1 /* Sources */,
				384E51C51DC6B38500FAC6C1 /* Frameworks */,
				384E51C61DC6B38500FAC6C1 /* Resources */,
			);
			buildRules = (
			);
			dependencies = (
			);
			name = SourceExtension;
			productName = SourceExtension;
			productReference = 384E51C81DC6B38500FAC6C1 /* Xcode Helper.appex */;
			productType = "com.apple.product-type.xcode-extension";
		};
/* End PBXNativeTarget section */

/* Begin PBXProject section */
		384E519C1DC6B36700FAC6C1 /* Project object */ = {
			isa = PBXProject;
			attributes = {
				LastSwiftUpdateCheck = 0800;
				LastUpgradeCheck = 0900;
				ORGANIZATIONNAME = "Joel Saltzman";
				TargetAttributes = {
					384E51A31DC6B36700FAC6C1 = {
						CreatedOnToolsVersion = 8.0;
						DevelopmentTeam = A43A74F4MB;
						LastSwiftMigration = 0900;
						ProvisioningStyle = Automatic;
						SystemCapabilities = {
							com.apple.ApplicationGroups.Mac = {
								enabled = 0;
							};
							com.apple.Sandbox = {
								enabled = 1;
							};
						};
					};
					384E51B41DC6B36700FAC6C1 = {
						CreatedOnToolsVersion = 8.0;
						DevelopmentTeam = A43A74F4MB;
						LastSwiftMigration = 0900;
						ProvisioningStyle = Automatic;
						TestTargetID = 384E51A31DC6B36700FAC6C1;
					};
					384E51C71DC6B38500FAC6C1 = {
						CreatedOnToolsVersion = 8.0;
						DevelopmentTeam = A43A74F4MB;
						LastSwiftMigration = 0900;
						ProvisioningStyle = Automatic;
						SystemCapabilities = {
							com.apple.ApplicationGroups.Mac = {
								enabled = 0;
							};
						};
					};
				};
			};
			buildConfigurationList = 384E519F1DC6B36700FAC6C1 /* Build configuration list for PBXProject "XcodeHelper" */;
			compatibilityVersion = "Xcode 3.2";
			developmentRegion = English;
			hasScannedForEncodings = 0;
			knownRegions = (
				en,
				Base,
			);
			mainGroup = 384E519B1DC6B36700FAC6C1;
			productRefGroup = 384E51A51DC6B36700FAC6C1 /* Products */;
			projectDirPath = "";
			projectReferences = (
				{
					ProductGroup = 3887BA5C1FB94E27007A9135 /* Products */;
					ProjectRef = 3887BA5B1FB94E27007A9135 /* XcodeHelperCliKit.xcodeproj */;
				},
			);
			projectRoot = "";
			targets = (
				384E51A31DC6B36700FAC6C1 /* XcodeHelper */,
				384E51B41DC6B36700FAC6C1 /* XcodeHelperTests */,
				384E51C71DC6B38500FAC6C1 /* SourceExtension */,
			);
		};
/* End PBXProject section */

/* Begin PBXReferenceProxy section */
		3887BA6F1FB94E27007A9135 /* XcodeHelperCliKitTests.xctest */ = {
			isa = PBXReferenceProxy;
			fileType = file;
			path = XcodeHelperCliKitTests.xctest;
			remoteRef = 3887BA6E1FB94E27007A9135 /* PBXContainerItemProxy */;
			sourceTree = BUILT_PRODUCTS_DIR;
		};
		3887BA711FB94E27007A9135 /* XcodeHelperCliKit.framework */ = {
			isa = PBXReferenceProxy;
			fileType = wrapper.framework;
			path = XcodeHelperCliKit.framework;
			remoteRef = 3887BA701FB94E27007A9135 /* PBXContainerItemProxy */;
			sourceTree = BUILT_PRODUCTS_DIR;
		};
		3887BA731FB94E27007A9135 /* XcodeHelperKit.framework */ = {
			isa = PBXReferenceProxy;
			fileType = wrapper.framework;
			path = XcodeHelperKit.framework;
			remoteRef = 3887BA721FB94E27007A9135 /* PBXContainerItemProxy */;
			sourceTree = BUILT_PRODUCTS_DIR;
		};
		3887BA751FB94E27007A9135 /* S3Kit.framework */ = {
			isa = PBXReferenceProxy;
			fileType = wrapper.framework;
			path = S3Kit.framework;
			remoteRef = 3887BA741FB94E27007A9135 /* PBXContainerItemProxy */;
			sourceTree = BUILT_PRODUCTS_DIR;
		};
		3887BA771FB94E27007A9135 /* CliRunnable.framework */ = {
			isa = PBXReferenceProxy;
			fileType = wrapper.framework;
			path = CliRunnable.framework;
			remoteRef = 3887BA761FB94E27007A9135 /* PBXContainerItemProxy */;
			sourceTree = BUILT_PRODUCTS_DIR;
		};
		3887BA791FB94E27007A9135 /* Yaml.framework */ = {
			isa = PBXReferenceProxy;
			fileType = wrapper.framework;
			path = Yaml.framework;
			remoteRef = 3887BA781FB94E27007A9135 /* PBXContainerItemProxy */;
			sourceTree = BUILT_PRODUCTS_DIR;
		};
		3887BA7B1FB94E27007A9135 /* DockerProcess.framework */ = {
			isa = PBXReferenceProxy;
			fileType = wrapper.framework;
			path = DockerProcess.framework;
			remoteRef = 3887BA7A1FB94E27007A9135 /* PBXContainerItemProxy */;
			sourceTree = BUILT_PRODUCTS_DIR;
		};
		3887BA7D1FB94E27007A9135 /* ProcessRunner.framework */ = {
			isa = PBXReferenceProxy;
			fileType = wrapper.framework;
			path = ProcessRunner.framework;
			remoteRef = 3887BA7C1FB94E27007A9135 /* PBXContainerItemProxy */;
			sourceTree = BUILT_PRODUCTS_DIR;
		};
/* End PBXReferenceProxy section */

/* Begin PBXResourcesBuildPhase section */
		384E51A21DC6B36700FAC6C1 /* Resources */ = {
			isa = PBXResourcesBuildPhase;
			buildActionMask = 2147483647;
			files = (
				384E51AC1DC6B36700FAC6C1 /* Assets.xcassets in Resources */,
				384E51AF1DC6B36700FAC6C1 /* Main.storyboard in Resources */,
				384E51DC1DC6B3DA00FAC6C1 /* GetCurrentDocument.scpt in Resources */,
			);
			runOnlyForDeploymentPostprocessing = 0;
		};
		384E51B31DC6B36700FAC6C1 /* Resources */ = {
			isa = PBXResourcesBuildPhase;
			buildActionMask = 2147483647;
			files = (
			);
			runOnlyForDeploymentPostprocessing = 0;
		};
		384E51C61DC6B38500FAC6C1 /* Resources */ = {
			isa = PBXResourcesBuildPhase;
			buildActionMask = 2147483647;
			files = (
				384E51DD1DC6B3DA00FAC6C1 /* GetCurrentDocument.scpt in Resources */,
			);
			runOnlyForDeploymentPostprocessing = 0;
		};
/* End PBXResourcesBuildPhase section */

/* Begin PBXSourcesBuildPhase section */
		384E51A01DC6B36700FAC6C1 /* Sources */ = {
			isa = PBXSourcesBuildPhase;
			buildActionMask = 2147483647;
			files = (
				38E66AF61E65DD1A00B6C75C /* FileManagerExtension.swift in Sources */,
				381E29F91E560A9300557BB1 /* XcodeViewModel.swift in Sources */,
				38E8F79A1E4813BD00097EEC /* CollectionExtension.swift in Sources */,
				38A7D48D1F0D30B900213122 /* ConfigController.swift in Sources */,
				38DFD6C91E2AB8F300C3D931 /* StatusMenuController.swift in Sources */,
				3836A7601E38A3BE0098CE9A /* XCProject.swift in Sources */,
				3836A7641E38A3FF0098CE9A /* XCDocumentable.swift in Sources */,
				384E51AA1DC6B36700FAC6C1 /* TargetsViewController.swift in Sources */,
				38E8F74B1E468FBF00097EEC /* TargetListController.swift in Sources */,
				3887BA891FBDEB92007A9135 /* NSView+Extensions.swift in Sources */,
				381EF0E71E73092B008A3717 /* TargetSettingsViewController.swift in Sources */,
				384E51A81DC6B36700FAC6C1 /* AppDelegate.swift in Sources */,
				3836A7621E38A3C70098CE9A /* XCWorkspace.swift in Sources */,
				389D2D3F1E33E0480034E802 /* Command.swift in Sources */,
				38E8F7971E48093B00097EEC /* XCTarget.swift in Sources */,
				38EEE9201E352D7900779CB9 /* Xcode.swift in Sources */,
			);
			runOnlyForDeploymentPostprocessing = 0;
		};
		384E51B11DC6B36700FAC6C1 /* Sources */ = {
			isa = PBXSourcesBuildPhase;
			buildActionMask = 2147483647;
			files = (
				38E8F7951E471AF400097EEC /* TargetListControllerTests.swift in Sources */,
				3836A7661E3B302B0098CE9A /* XCWorkspaceTests.swift in Sources */,
				384E51BA1DC6B36700FAC6C1 /* XcodeHelperTestCase.swift in Sources */,
				388739C41EE50BA7003B6106 /* PreferenceTests.swift in Sources */,
				3857C25D1E6C68E100731BE7 /* XcodeTests.swift in Sources */,
				38E7A2AA1E3FA463007EA9A6 /* XCProjectTests.swift in Sources */,
				3857C25F1E6C76DE00731BE7 /* XCDocumentableTests.swift in Sources */,
				38E66B001E66475100B6C75C /* XcodeViewModelTests.swift in Sources */,
				381E29F71E544DDB00557BB1 /* XCTargetTests.swift in Sources */,
			);
			runOnlyForDeploymentPostprocessing = 0;
		};
		384E51C41DC6B38500FAC6C1 /* Sources */ = {
			isa = PBXSourcesBuildPhase;
			buildActionMask = 2147483647;
			files = (
				384E51D01DC6B38500FAC6C1 /* SourceEditorExtension.swift in Sources */,
				384E51D21DC6B38500FAC6C1 /* SourceEditorCommand.swift in Sources */,
				389D2D401E33E0480034E802 /* Command.swift in Sources */,
			);
			runOnlyForDeploymentPostprocessing = 0;
		};
/* End PBXSourcesBuildPhase section */

/* Begin PBXTargetDependency section */
		384E51B71DC6B36700FAC6C1 /* PBXTargetDependency */ = {
			isa = PBXTargetDependency;
			target = 384E51A31DC6B36700FAC6C1 /* XcodeHelper */;
			targetProxy = 384E51B61DC6B36700FAC6C1 /* PBXContainerItemProxy */;
		};
		384E51D51DC6B38500FAC6C1 /* PBXTargetDependency */ = {
			isa = PBXTargetDependency;
			target = 384E51C71DC6B38500FAC6C1 /* SourceExtension */;
			targetProxy = 384E51D41DC6B38500FAC6C1 /* PBXContainerItemProxy */;
		};
/* End PBXTargetDependency section */

/* Begin PBXVariantGroup section */
		384E51AD1DC6B36700FAC6C1 /* Main.storyboard */ = {
			isa = PBXVariantGroup;
			children = (
				384E51AE1DC6B36700FAC6C1 /* Base */,
			);
			name = Main.storyboard;
			sourceTree = "<group>";
		};
/* End PBXVariantGroup section */

/* Begin XCBuildConfiguration section */
		384E51BC1DC6B36700FAC6C1 /* Debug */ = {
			isa = XCBuildConfiguration;
			buildSettings = {
				ALWAYS_SEARCH_USER_PATHS = NO;
				CLANG_ANALYZER_NONNULL = YES;
				CLANG_CXX_LANGUAGE_STANDARD = "gnu++0x";
				CLANG_CXX_LIBRARY = "libc++";
				CLANG_ENABLE_MODULES = YES;
				CLANG_ENABLE_OBJC_ARC = YES;
				CLANG_WARN_BLOCK_CAPTURE_AUTORELEASING = YES;
				CLANG_WARN_BOOL_CONVERSION = YES;
				CLANG_WARN_COMMA = YES;
				CLANG_WARN_CONSTANT_CONVERSION = YES;
				CLANG_WARN_DIRECT_OBJC_ISA_USAGE = YES_ERROR;
				CLANG_WARN_DOCUMENTATION_COMMENTS = YES;
				CLANG_WARN_EMPTY_BODY = YES;
				CLANG_WARN_ENUM_CONVERSION = YES;
				CLANG_WARN_INFINITE_RECURSION = YES;
				CLANG_WARN_INT_CONVERSION = YES;
				CLANG_WARN_NON_LITERAL_NULL_CONVERSION = YES;
				CLANG_WARN_OBJC_LITERAL_CONVERSION = YES;
				CLANG_WARN_OBJC_ROOT_CLASS = YES_ERROR;
				CLANG_WARN_RANGE_LOOP_ANALYSIS = YES;
				CLANG_WARN_STRICT_PROTOTYPES = YES;
				CLANG_WARN_SUSPICIOUS_MOVE = YES;
				CLANG_WARN_SUSPICIOUS_MOVES = YES;
				CLANG_WARN_UNREACHABLE_CODE = YES;
				CLANG_WARN__DUPLICATE_METHOD_MATCH = YES;
				CODE_SIGN_IDENTITY = "-";
				COPY_PHASE_STRIP = NO;
				DEBUG_INFORMATION_FORMAT = dwarf;
				ENABLE_STRICT_OBJC_MSGSEND = YES;
				ENABLE_TESTABILITY = YES;
				GCC_C_LANGUAGE_STANDARD = gnu99;
				GCC_DYNAMIC_NO_PIC = NO;
				GCC_NO_COMMON_BLOCKS = YES;
				GCC_OPTIMIZATION_LEVEL = 0;
				GCC_PREPROCESSOR_DEFINITIONS = (
					"DEBUG=1",
					"$(inherited)",
				);
				GCC_WARN_64_TO_32_BIT_CONVERSION = YES;
				GCC_WARN_ABOUT_RETURN_TYPE = YES_ERROR;
				GCC_WARN_UNDECLARED_SELECTOR = YES;
				GCC_WARN_UNINITIALIZED_AUTOS = YES_AGGRESSIVE;
				GCC_WARN_UNUSED_FUNCTION = YES;
				GCC_WARN_UNUSED_VARIABLE = YES;
				MACOSX_DEPLOYMENT_TARGET = 10.12;
				MTL_ENABLE_DEBUG_INFO = YES;
				ONLY_ACTIVE_ARCH = YES;
				SDKROOT = macosx;
				SWIFT_ACTIVE_COMPILATION_CONDITIONS = DEBUG;
				SWIFT_OPTIMIZATION_LEVEL = "-Onone";
			};
			name = Debug;
		};
		384E51BD1DC6B36700FAC6C1 /* Release */ = {
			isa = XCBuildConfiguration;
			buildSettings = {
				ALWAYS_SEARCH_USER_PATHS = NO;
				CLANG_ANALYZER_NONNULL = YES;
				CLANG_CXX_LANGUAGE_STANDARD = "gnu++0x";
				CLANG_CXX_LIBRARY = "libc++";
				CLANG_ENABLE_MODULES = YES;
				CLANG_ENABLE_OBJC_ARC = YES;
				CLANG_WARN_BLOCK_CAPTURE_AUTORELEASING = YES;
				CLANG_WARN_BOOL_CONVERSION = YES;
				CLANG_WARN_COMMA = YES;
				CLANG_WARN_CONSTANT_CONVERSION = YES;
				CLANG_WARN_DIRECT_OBJC_ISA_USAGE = YES_ERROR;
				CLANG_WARN_DOCUMENTATION_COMMENTS = YES;
				CLANG_WARN_EMPTY_BODY = YES;
				CLANG_WARN_ENUM_CONVERSION = YES;
				CLANG_WARN_INFINITE_RECURSION = YES;
				CLANG_WARN_INT_CONVERSION = YES;
				CLANG_WARN_NON_LITERAL_NULL_CONVERSION = YES;
				CLANG_WARN_OBJC_LITERAL_CONVERSION = YES;
				CLANG_WARN_OBJC_ROOT_CLASS = YES_ERROR;
				CLANG_WARN_RANGE_LOOP_ANALYSIS = YES;
				CLANG_WARN_STRICT_PROTOTYPES = YES;
				CLANG_WARN_SUSPICIOUS_MOVE = YES;
				CLANG_WARN_SUSPICIOUS_MOVES = YES;
				CLANG_WARN_UNREACHABLE_CODE = YES;
				CLANG_WARN__DUPLICATE_METHOD_MATCH = YES;
				CODE_SIGN_IDENTITY = "-";
				COPY_PHASE_STRIP = NO;
				DEBUG_INFORMATION_FORMAT = "dwarf-with-dsym";
				ENABLE_NS_ASSERTIONS = NO;
				ENABLE_STRICT_OBJC_MSGSEND = YES;
				GCC_C_LANGUAGE_STANDARD = gnu99;
				GCC_NO_COMMON_BLOCKS = YES;
				GCC_WARN_64_TO_32_BIT_CONVERSION = YES;
				GCC_WARN_ABOUT_RETURN_TYPE = YES_ERROR;
				GCC_WARN_UNDECLARED_SELECTOR = YES;
				GCC_WARN_UNINITIALIZED_AUTOS = YES_AGGRESSIVE;
				GCC_WARN_UNUSED_FUNCTION = YES;
				GCC_WARN_UNUSED_VARIABLE = YES;
				MACOSX_DEPLOYMENT_TARGET = 10.12;
				MTL_ENABLE_DEBUG_INFO = NO;
				SDKROOT = macosx;
				SWIFT_OPTIMIZATION_LEVEL = "-Owholemodule";
			};
			name = Release;
		};
		384E51BF1DC6B36700FAC6C1 /* Debug */ = {
			isa = XCBuildConfiguration;
			buildSettings = {
				ALWAYS_EMBED_SWIFT_STANDARD_LIBRARIES = YES;
				ASSETCATALOG_COMPILER_APPICON_NAME = AppIcon;
				CODE_SIGN_ENTITLEMENTS = XcodeHelper/XcodeHelper.entitlements;
				CODE_SIGN_IDENTITY = "Mac Developer";
				COMBINE_HIDPI_IMAGES = YES;
				DEFINES_MODULE = YES;
				DEVELOPMENT_TEAM = A43A74F4MB;
				INFOPLIST_FILE = XcodeHelper/Info.plist;
				LD_RUNPATH_SEARCH_PATHS = "$(inherited) @executable_path/../Frameworks";
				LIBRARY_SEARCH_PATHS = (
					"$(inherited)",
					"$(SDKROOT)/usr/lib/system",
				);
				MODULEMAP_FILE = module.modulemap;
				PRODUCT_BUNDLE_IDENTIFIER = com.joelsaltzman.XcodeHelper;
				PRODUCT_NAME = "$(TARGET_NAME)";
				SWIFT_INCLUDE_PATHS = "$(PROJECT_DIR)";
				SWIFT_SWIFT3_OBJC_INFERENCE = Default;
				SWIFT_VERSION = 4.0;
			};
			name = Debug;
		};
		384E51C01DC6B36700FAC6C1 /* Release */ = {
			isa = XCBuildConfiguration;
			buildSettings = {
				ALWAYS_EMBED_SWIFT_STANDARD_LIBRARIES = YES;
				ASSETCATALOG_COMPILER_APPICON_NAME = AppIcon;
				CODE_SIGN_ENTITLEMENTS = XcodeHelper/XcodeHelper.entitlements;
				CODE_SIGN_IDENTITY = "Mac Developer";
				COMBINE_HIDPI_IMAGES = YES;
				DEFINES_MODULE = YES;
				DEVELOPMENT_TEAM = A43A74F4MB;
				INFOPLIST_FILE = XcodeHelper/Info.plist;
				LD_RUNPATH_SEARCH_PATHS = "$(inherited) @executable_path/../Frameworks";
				LIBRARY_SEARCH_PATHS = (
					"$(inherited)",
					"$(SDKROOT)/usr/lib/system",
				);
				MODULEMAP_FILE = module.modulemap;
				PRODUCT_BUNDLE_IDENTIFIER = com.joelsaltzman.XcodeHelper;
				PRODUCT_NAME = "$(TARGET_NAME)";
				SWIFT_INCLUDE_PATHS = "$(PROJECT_DIR)";
				SWIFT_SWIFT3_OBJC_INFERENCE = Default;
				SWIFT_VERSION = 4.0;
			};
			name = Release;
		};
		384E51C21DC6B36700FAC6C1 /* Debug */ = {
			isa = XCBuildConfiguration;
			buildSettings = {
				ALWAYS_EMBED_SWIFT_STANDARD_LIBRARIES = YES;
				BUNDLE_LOADER = "$(TEST_HOST)";
				CODE_SIGN_IDENTITY = "Mac Developer";
				COMBINE_HIDPI_IMAGES = YES;
				DEVELOPMENT_TEAM = A43A74F4MB;
				INFOPLIST_FILE = XcodeHelperTests/Info.plist;
				LD_RUNPATH_SEARCH_PATHS = "$(inherited) @executable_path/../Frameworks @loader_path/../Frameworks";
				PRODUCT_BUNDLE_IDENTIFIER = com.joelsaltzman.XcodeHelperTests;
				PRODUCT_NAME = "$(TARGET_NAME)";
				SWIFT_SWIFT3_OBJC_INFERENCE = Default;
				SWIFT_VERSION = 4.0;
				TEST_HOST = "$(BUILT_PRODUCTS_DIR)/XcodeHelper.app/Contents/MacOS/XcodeHelper";
			};
			name = Debug;
		};
		384E51C31DC6B36700FAC6C1 /* Release */ = {
			isa = XCBuildConfiguration;
			buildSettings = {
				ALWAYS_EMBED_SWIFT_STANDARD_LIBRARIES = YES;
				BUNDLE_LOADER = "$(TEST_HOST)";
				CODE_SIGN_IDENTITY = "Mac Developer";
				COMBINE_HIDPI_IMAGES = YES;
				DEVELOPMENT_TEAM = A43A74F4MB;
				INFOPLIST_FILE = XcodeHelperTests/Info.plist;
				LD_RUNPATH_SEARCH_PATHS = "$(inherited) @executable_path/../Frameworks @loader_path/../Frameworks";
				PRODUCT_BUNDLE_IDENTIFIER = com.joelsaltzman.XcodeHelperTests;
				PRODUCT_NAME = "$(TARGET_NAME)";
				SWIFT_SWIFT3_OBJC_INFERENCE = Default;
				SWIFT_VERSION = 4.0;
				TEST_HOST = "$(BUILT_PRODUCTS_DIR)/XcodeHelper.app/Contents/MacOS/XcodeHelper";
			};
			name = Release;
		};
		384E51D81DC6B38500FAC6C1 /* Debug */ = {
			isa = XCBuildConfiguration;
			buildSettings = {
				CODE_SIGN_ENTITLEMENTS = SourceExtension/SourceExtension.entitlements;
				CODE_SIGN_IDENTITY = "Mac Developer";
				COMBINE_HIDPI_IMAGES = YES;
				DEVELOPMENT_TEAM = A43A74F4MB;
				INFOPLIST_FILE = SourceExtension/Info.plist;
				LD_RUNPATH_SEARCH_PATHS = "$(inherited) @executable_path/../Frameworks @executable_path/../../../../Frameworks";
				MACOSX_DEPLOYMENT_TARGET = 10.11;
				PRODUCT_BUNDLE_IDENTIFIER = com.joelsaltzman.XcodeHelper.SourceExtension;
				PRODUCT_NAME = "Xcode Helper";
				SKIP_INSTALL = YES;
				SWIFT_SWIFT3_OBJC_INFERENCE = Default;
				SWIFT_VERSION = 4.0;
			};
			name = Debug;
		};
		384E51D91DC6B38500FAC6C1 /* Release */ = {
			isa = XCBuildConfiguration;
			buildSettings = {
				CODE_SIGN_ENTITLEMENTS = SourceExtension/SourceExtension.entitlements;
				CODE_SIGN_IDENTITY = "Mac Developer";
				COMBINE_HIDPI_IMAGES = YES;
				DEVELOPMENT_TEAM = A43A74F4MB;
				INFOPLIST_FILE = SourceExtension/Info.plist;
				LD_RUNPATH_SEARCH_PATHS = "$(inherited) @executable_path/../Frameworks @executable_path/../../../../Frameworks";
				MACOSX_DEPLOYMENT_TARGET = 10.11;
				PRODUCT_BUNDLE_IDENTIFIER = com.joelsaltzman.XcodeHelper.SourceExtension;
				PRODUCT_NAME = "Xcode Helper";
				SKIP_INSTALL = YES;
				SWIFT_SWIFT3_OBJC_INFERENCE = Default;
				SWIFT_VERSION = 4.0;
			};
			name = Release;
		};
/* End XCBuildConfiguration section */

/* Begin XCConfigurationList section */
		384E519F1DC6B36700FAC6C1 /* Build configuration list for PBXProject "XcodeHelper" */ = {
			isa = XCConfigurationList;
			buildConfigurations = (
				384E51BC1DC6B36700FAC6C1 /* Debug */,
				384E51BD1DC6B36700FAC6C1 /* Release */,
			);
			defaultConfigurationIsVisible = 0;
			defaultConfigurationName = Release;
		};
		384E51BE1DC6B36700FAC6C1 /* Build configuration list for PBXNativeTarget "XcodeHelper" */ = {
			isa = XCConfigurationList;
			buildConfigurations = (
				384E51BF1DC6B36700FAC6C1 /* Debug */,
				384E51C01DC6B36700FAC6C1 /* Release */,
			);
			defaultConfigurationIsVisible = 0;
			defaultConfigurationName = Release;
		};
		384E51C11DC6B36700FAC6C1 /* Build configuration list for PBXNativeTarget "XcodeHelperTests" */ = {
			isa = XCConfigurationList;
			buildConfigurations = (
				384E51C21DC6B36700FAC6C1 /* Debug */,
				384E51C31DC6B36700FAC6C1 /* Release */,
			);
			defaultConfigurationIsVisible = 0;
			defaultConfigurationName = Release;
		};
		384E51D71DC6B38500FAC6C1 /* Build configuration list for PBXNativeTarget "SourceExtension" */ = {
			isa = XCConfigurationList;
			buildConfigurations = (
				384E51D81DC6B38500FAC6C1 /* Debug */,
				384E51D91DC6B38500FAC6C1 /* Release */,
			);
			defaultConfigurationIsVisible = 0;
			defaultConfigurationName = Release;
		};
/* End XCConfigurationList section */
	};
	rootObject = 384E519C1DC6B36700FAC6C1 /* Project object */;
}
